// !$*UTF8*$!
{
	archiveVersion = 1;
	classes = {
	};
	objectVersion = 46;
	objects = {

/* Begin PBXBuildFile section */
		70636B061BABB17C000EA06C /* AppDelegate.swift in Sources */ = {isa = PBXBuildFile; fileRef = 70636B051BABB17C000EA06C /* AppDelegate.swift */; };
		70636B0D1BABB17C000EA06C /* Assets.xcassets in Resources */ = {isa = PBXBuildFile; fileRef = 70636B0C1BABB17C000EA06C /* Assets.xcassets */; };
		70636B101BABB17C000EA06C /* LaunchScreen.storyboard in Resources */ = {isa = PBXBuildFile; fileRef = 70636B0E1BABB17C000EA06C /* LaunchScreen.storyboard */; };
		70636B351BABB1AD000EA06C /* PhotoSelectorViewController.swift in Sources */ = {isa = PBXBuildFile; fileRef = 70636B341BABB1AD000EA06C /* PhotoSelectorViewController.swift */; };
		70636B371BABC39C000EA06C /* UIImage+Category.swift in Sources */ = {isa = PBXBuildFile; fileRef = 70636B361BABC39C000EA06C /* UIImage+Category.swift */; };
/* End PBXBuildFile section */

/* Begin PBXFileReference section */
		70636B021BABB17C000EA06C /* 图片选择器.app */ = {isa = PBXFileReference; explicitFileType = wrapper.application; includeInIndex = 0; path = "图片选择器.app"; sourceTree = BUILT_PRODUCTS_DIR; };
		70636B051BABB17C000EA06C /* AppDelegate.swift */ = {isa = PBXFileReference; lastKnownFileType = sourcecode.swift; path = AppDelegate.swift; sourceTree = "<group>"; };
		70636B0C1BABB17C000EA06C /* Assets.xcassets */ = {isa = PBXFileReference; lastKnownFileType = folder.assetcatalog; path = Assets.xcassets; sourceTree = "<group>"; };
		70636B0F1BABB17C000EA06C /* Base */ = {isa = PBXFileReference; lastKnownFileType = file.storyboard; name = Base; path = Base.lproj/LaunchScreen.storyboard; sourceTree = "<group>"; };
		70636B111BABB17C000EA06C /* Info.plist */ = {isa = PBXFileReference; lastKnownFileType = text.plist.xml; path = Info.plist; sourceTree = "<group>"; };
		70636B341BABB1AD000EA06C /* PhotoSelectorViewController.swift */ = {isa = PBXFileReference; fileEncoding = 4; lastKnownFileType = sourcecode.swift; path = PhotoSelectorViewController.swift; sourceTree = "<group>"; };
		70636B361BABC39C000EA06C /* UIImage+Category.swift */ = {isa = PBXFileReference; fileEncoding = 4; lastKnownFileType = sourcecode.swift; path = "UIImage+Category.swift"; sourceTree = "<group>"; };
/* End PBXFileReference section */

/* Begin PBXFrameworksBuildPhase section */
		70636AFF1BABB17C000EA06C /* Frameworks */ = {
			isa = PBXFrameworksBuildPhase;
			buildActionMask = 2147483647;
			files = (
			);
			runOnlyForDeploymentPostprocessing = 0;
		};
/* End PBXFrameworksBuildPhase section */

/* Begin PBXGroup section */
		70636AF91BABB17C000EA06C = {
			isa = PBXGroup;
			children = (
				70636B041BABB17C000EA06C /* 图片选择器 */,
				70636B031BABB17C000EA06C /* Products */,
			);
			sourceTree = "<group>";
		};
		70636B031BABB17C000EA06C /* Products */ = {
			isa = PBXGroup;
			children = (
				70636B021BABB17C000EA06C /* 图片选择器.app */,
			);
			name = Products;
			sourceTree = "<group>";
		};
		70636B041BABB17C000EA06C /* 图片选择器 */ = {
			isa = PBXGroup;
			children = (
				70636B331BABB194000EA06C /* PhotoSelector */,
				70636B051BABB17C000EA06C /* AppDelegate.swift */,
				70636B0C1BABB17C000EA06C /* Assets.xcassets */,
				70636B0E1BABB17C000EA06C /* LaunchScreen.storyboard */,
				70636B111BABB17C000EA06C /* Info.plist */,
			);
			name = "图片选择器";
			path = "01-图片选择器";
			sourceTree = "<group>";
		};
		70636B331BABB194000EA06C /* PhotoSelector */ = {
			isa = PBXGroup;
			children = (
				70636B341BABB1AD000EA06C /* PhotoSelectorViewController.swift */,
				70636B361BABC39C000EA06C /* UIImage+Category.swift */,
			);
			path = PhotoSelector;
			sourceTree = "<group>";
		};
/* End PBXGroup section */

/* Begin PBXNativeTarget section */
		70636B011BABB17C000EA06C /* 图片选择器 */ = {
			isa = PBXNativeTarget;
			buildConfigurationList = 70636B2A1BABB17D000EA06C /* Build configuration list for PBXNativeTarget "图片选择器" */;
			buildPhases = (
				70636AFE1BABB17C000EA06C /* Sources */,
				70636AFF1BABB17C000EA06C /* Frameworks */,
				70636B001BABB17C000EA06C /* Resources */,
			);
			buildRules = (
			);
			dependencies = (
			);
			name = "图片选择器";
			productName = "01-图片选择器";
			productReference = 70636B021BABB17C000EA06C /* 图片选择器.app */;
			productType = "com.apple.product-type.application";
		};
/* End PBXNativeTarget section */

/* Begin PBXProject section */
		70636AFA1BABB17C000EA06C /* Project object */ = {
			isa = PBXProject;
			attributes = {
				LastUpgradeCheck = 0700;
				ORGANIZATIONNAME = "小码哥";
				TargetAttributes = {
					70636B011BABB17C000EA06C = {
						CreatedOnToolsVersion = 7.0;
					};
				};
			};
			buildConfigurationList = 70636AFD1BABB17C000EA06C /* Build configuration list for PBXProject "图片选择器" */;
			compatibilityVersion = "Xcode 3.2";
			developmentRegion = English;
			hasScannedForEncodings = 0;
			knownRegions = (
				en,
				Base,
			);
			mainGroup = 70636AF91BABB17C000EA06C;
			productRefGroup = 70636B031BABB17C000EA06C /* Products */;
			projectDirPath = "";
			projectRoot = "";
			targets = (
				70636B011BABB17C000EA06C /* 图片选择器 */,
			);
		};
/* End PBXProject section */

/* Begin PBXResourcesBuildPhase section */
		70636B001BABB17C000EA06C /* Resources */ = {
			isa = PBXResourcesBuildPhase;
			buildActionMask = 2147483647;
			files = (
				70636B101BABB17C000EA06C /* LaunchScreen.storyboard in Resources */,
				70636B0D1BABB17C000EA06C /* Assets.xcassets in Resources */,
			);
			runOnlyForDeploymentPostprocessing = 0;
		};
/* End PBXResourcesBuildPhase section */

/* Begin PBXSourcesBuildPhase section */
		70636AFE1BABB17C000EA06C /* Sources */ = {
			isa = PBXSourcesBuildPhase;
			buildActionMask = 2147483647;
			files = (
				70636B371BABC39C000EA06C /* UIImage+Category.swift in Sources */,
				70636B351BABB1AD000EA06C /* PhotoSelectorViewController.swift in Sources */,
				70636B061BABB17C000EA06C /* AppDelegate.swift in Sources */,
			);
			runOnlyForDeploymentPostprocessing = 0;
		};
/* End PBXSourcesBuildPhase section */

/* Begin PBXVariantGroup section */
		70636B0E1BABB17C000EA06C /* LaunchScreen.storyboard */ = {
			isa = PBXVariantGroup;
			children = (
				70636B0F1BABB17C000EA06C /* Base */,
			);
			name = LaunchScreen.storyboard;
			sourceTree = "<group>";
		};
/* End PBXVariantGroup section */

/* Begin XCBuildConfiguration section */
		70636B281BABB17D000EA06C /* Debug */ = {
			isa = XCBuildConfiguration;
			buildSettings = {
				ALWAYS_SEARCH_USER_PATHS = NO;
				CLANG_CXX_LANGUAGE_STANDARD = "gnu++0x";
				CLANG_CXX_LIBRARY = "libc++";
				CLANG_ENABLE_MODULES = YES;
				CLANG_ENABLE_OBJC_ARC = YES;
				CLANG_WARN_BOOL_CONVERSION = YES;
				CLANG_WARN_CONSTANT_CONVERSION = YES;
				CLANG_WARN_DIRECT_OBJC_ISA_USAGE = YES_ERROR;
				CLANG_WARN_EMPTY_BODY = YES;
				CLANG_WARN_ENUM_CONVERSION = YES;
				CLANG_WARN_INT_CONVERSION = YES;
				CLANG_WARN_OBJC_ROOT_CLASS = YES_ERROR;
				CLANG_WARN_UNREACHABLE_CODE = YES;
				CLANG_WARN__DUPLICATE_METHOD_MATCH = YES;
				"CODE_SIGN_IDENTITY[sdk=iphoneos*]" = "iPhone Developer";
				COPY_PHASE_STRIP = NO;
				DEBUG_INFORMATION_FORMAT = dwarf;
				ENABLE_STRICT_OBJC_MSGSEND = YES;
				ENABLE_TESTABILITY = YES;
				GCC_C_LANGUAGE_STANDARD = gnu99;
				GCC_DYNAMIC_NO_PIC = NO;
				GCC_NO_COMMON_BLOCKS = YES;
				GCC_OPTIMIZATION_LEVEL = 0;
				GCC_PREPROCESSOR_DEFINITIONS = (
					"DEBUG=1",
					"$(inherited)",
				);
				GCC_WARN_64_TO_32_BIT_CONVERSION = YES;
				GCC_WARN_ABOUT_RETURN_TYPE = YES_ERROR;
				GCC_WARN_UNDECLARED_SELECTOR = YES;
				GCC_WARN_UNINITIALIZED_AUTOS = YES_AGGRESSIVE;
				GCC_WARN_UNUSED_FUNCTION = YES;
				GCC_WARN_UNUSED_VARIABLE = YES;
				IPHONEOS_DEPLOYMENT_TARGET = 9.0;
				MTL_ENABLE_DEBUG_INFO = YES;
				ONLY_ACTIVE_ARCH = YES;
				SDKROOT = iphoneos;
				SWIFT_OPTIMIZATION_LEVEL = "-Onone";
			};
			name = Debug;
		};
		70636B291BABB17D000EA06C /* Release */ = {
			isa = XCBuildConfiguration;
			buildSettings = {
				ALWAYS_SEARCH_USER_PATHS = NO;
				CLANG_CXX_LANGUAGE_STANDARD = "gnu++0x";
				CLANG_CXX_LIBRARY = "libc++";
				CLANG_ENABLE_MODULES = YES;
				CLANG_ENABLE_OBJC_ARC = YES;
				CLANG_WARN_BOOL_CONVERSION = YES;
				CLANG_WARN_CONSTANT_CONVERSION = YES;
				CLANG_WARN_DIRECT_OBJC_ISA_USAGE = YES_ERROR;
				CLANG_WARN_EMPTY_BODY = YES;
				CLANG_WARN_ENUM_CONVERSION = YES;
				CLANG_WARN_INT_CONVERSION = YES;
				CLANG_WARN_OBJC_ROOT_CLASS = YES_ERROR;
				CLANG_WARN_UNREACHABLE_CODE = YES;
				CLANG_WARN__DUPLICATE_METHOD_MATCH = YES;
				"CODE_SIGN_IDENTITY[sdk=iphoneos*]" = "iPhone Developer";
				COPY_PHASE_STRIP = NO;
				DEBUG_INFORMATION_FORMAT = "dwarf-with-dsym";
				ENABLE_NS_ASSERTIONS = NO;
				ENABLE_STRICT_OBJC_MSGSEND = YES;
				GCC_C_LANGUAGE_STANDARD = gnu99;
				GCC_NO_COMMON_BLOCKS = YES;
				GCC_WARN_64_TO_32_BIT_CONVERSION = YES;
				GCC_WARN_ABOUT_RETURN_TYPE = YES_ERROR;
				GCC_WARN_UNDECLARED_SELECTOR = YES;
				GCC_WARN_UNINITIALIZED_AUTOS = YES_AGGRESSIVE;
				GCC_WARN_UNUSED_FUNCTION = YES;
				GCC_WARN_UNUSED_VARIABLE = YES;
				IPHONEOS_DEPLOYMENT_TARGET = 9.0;
				MTL_ENABLE_DEBUG_INFO = NO;
				SDKROOT = iphoneos;
				VALIDATE_PRODUCT = YES;
			};
			name = Release;
		};
		70636B2B1BABB17D000EA06C /* Debug */ = {
			isa = XCBuildConfiguration;
			buildSettings = {
				ASSETCATALOG_COMPILER_APPICON_NAME = AppIcon;
				INFOPLIST_FILE = "01-图片选择器/Info.plist";
				LD_RUNPATH_SEARCH_PATHS = "$(inherited) @executable_path/Frameworks";
				PRODUCT_BUNDLE_IDENTIFIER = "com.520it.-1------";
				PRODUCT_NAME = "图片选择器";
			};
			name = Debug;
		};
		70636B2C1BABB17D000EA06C /* Release */ = {
			isa = XCBuildConfiguration;
			buildSettings = {
				ASSETCATALOG_COMPILER_APPICON_NAME = AppIcon;
				INFOPLIST_FILE = "01-图片选择器/Info.plist";
				LD_RUNPATH_SEARCH_PATHS = "$(inherited) @executable_path/Frameworks";
				PRODUCT_BUNDLE_IDENTIFIER = "com.520it.-1------";
				PRODUCT_NAME = "图片选择器";
			};
			name = Release;
		};
/* End XCBuildConfiguration section */

/* Begin XCConfigurationList section */
		70636AFD1BABB17C000EA06C /* Build configuration list for PBXProject "图片选择器" */ = {
			isa = XCConfigurationList;
			buildConfigurations = (
				70636B281BABB17D000EA06C /* Debug */,
				70636B291BABB17D000EA06C /* Release */,
			);
			defaultConfigurationIsVisible = 0;
			defaultConfigurationName = Release;
		};
		70636B2A1BABB17D000EA06C /* Build configuration list for PBXNativeTarget "图片选择器" */ = {
			isa = XCConfigurationList;
			buildConfigurations = (
				70636B2B1BABB17D000EA06C /* Debug */,
				70636B2C1BABB17D000EA06C /* Release */,
			);
			defaultConfigurationIsVisible = 0;
			defaultConfigurationName = Release;
		};
/* End XCConfigurationList section */
	};
	rootObject = 70636AFA1BABB17C000EA06C /* Project object */;
}
