// !$*UTF8*$!
{
	archiveVersion = 1;
	classes = {
	};
	objectVersion = 46;
	objects = {

/* Begin PBXBuildFile section */
		9A6D3A831CD0B37D00A5D334 /* Main.storyboard in Resources */ = {isa = PBXBuildFile; fileRef = 9A6D3A811CD0B37D00A5D334 /* Main.storyboard */; };
		9A6D3A851CD0B37D00A5D334 /* Assets.xcassets in Resources */ = {isa = PBXBuildFile; fileRef = 9A6D3A841CD0B37D00A5D334 /* Assets.xcassets */; };
		9A6D3A881CD0B37D00A5D334 /* LaunchScreen.storyboard in Resources */ = {isa = PBXBuildFile; fileRef = 9A6D3A861CD0B37D00A5D334 /* LaunchScreen.storyboard */; };
		9A6D3A931CD0B37D00A5D334 /* transitioningAnimationTests.swift in Sources */ = {isa = PBXBuildFile; fileRef = 9A6D3A921CD0B37D00A5D334 /* transitioningAnimationTests.swift */; };
		9A6D3A9E1CD0B37D00A5D334 /* transitioningAnimationUITests.swift in Sources */ = {isa = PBXBuildFile; fileRef = 9A6D3A9D1CD0B37D00A5D334 /* transitioningAnimationUITests.swift */; };
		9A6D3AAD1CD0B40200A5D334 /* TitleButton.swift in Sources */ = {isa = PBXBuildFile; fileRef = 9A6D3AAB1CD0B40200A5D334 /* TitleButton.swift */; };
		9A6D3AAE1CD0B40200A5D334 /* ViewController.swift in Sources */ = {isa = PBXBuildFile; fileRef = 9A6D3AAC1CD0B40200A5D334 /* ViewController.swift */; };
		9A6D3AB31CD0B40B00A5D334 /* PopoverAnimator.swift in Sources */ = {isa = PBXBuildFile; fileRef = 9A6D3AAF1CD0B40B00A5D334 /* PopoverAnimator.swift */; };
		9A6D3AB41CD0B40B00A5D334 /* PopoverPresentAtionController.swift in Sources */ = {isa = PBXBuildFile; fileRef = 9A6D3AB01CD0B40B00A5D334 /* PopoverPresentAtionController.swift */; };
		9A6D3AB51CD0B40B00A5D334 /* PopoverTableViewController.swift in Sources */ = {isa = PBXBuildFile; fileRef = 9A6D3AB11CD0B40B00A5D334 /* PopoverTableViewController.swift */; };
		9A6D3AB61CD0B40B00A5D334 /* Swvkx5X5jH.gif in Resources */ = {isa = PBXBuildFile; fileRef = 9A6D3AB21CD0B40B00A5D334 /* Swvkx5X5jH.gif */; };
		9A6D3AB81CD0B41000A5D334 /* AppDelegate.swift in Sources */ = {isa = PBXBuildFile; fileRef = 9A6D3AB71CD0B41000A5D334 /* AppDelegate.swift */; };
/* End PBXBuildFile section */

/* Begin PBXContainerItemProxy section */
		9A6D3A8F1CD0B37D00A5D334 /* PBXContainerItemProxy */ = {
			isa = PBXContainerItemProxy;
			containerPortal = 9A6D3A721CD0B37C00A5D334 /* Project object */;
			proxyType = 1;
			remoteGlobalIDString = 9A6D3A791CD0B37D00A5D334;
			remoteInfo = transitioningAnimation;
		};
		9A6D3A9A1CD0B37D00A5D334 /* PBXContainerItemProxy */ = {
			isa = PBXContainerItemProxy;
			containerPortal = 9A6D3A721CD0B37C00A5D334 /* Project object */;
			proxyType = 1;
			remoteGlobalIDString = 9A6D3A791CD0B37D00A5D334;
			remoteInfo = transitioningAnimation;
		};
/* End PBXContainerItemProxy section */

/* Begin PBXFileReference section */
		9A6D3A7A1CD0B37D00A5D334 /* transitioningAnimation.app */ = {isa = PBXFileReference; explicitFileType = wrapper.application; includeInIndex = 0; path = transitioningAnimation.app; sourceTree = BUILT_PRODUCTS_DIR; };
		9A6D3A821CD0B37D00A5D334 /* Base */ = {isa = PBXFileReference; lastKnownFileType = file.storyboard; name = Base; path = Base.lproj/Main.storyboard; sourceTree = "<group>"; };
		9A6D3A841CD0B37D00A5D334 /* Assets.xcassets */ = {isa = PBXFileReference; lastKnownFileType = folder.assetcatalog; path = Assets.xcassets; sourceTree = "<group>"; };
		9A6D3A871CD0B37D00A5D334 /* Base */ = {isa = PBXFileReference; lastKnownFileType = file.storyboard; name = Base; path = Base.lproj/LaunchScreen.storyboard; sourceTree = "<group>"; };
		9A6D3A891CD0B37D00A5D334 /* Info.plist */ = {isa = PBXFileReference; lastKnownFileType = text.plist.xml; path = Info.plist; sourceTree = "<group>"; };
		9A6D3A8E1CD0B37D00A5D334 /* transitioningAnimationTests.xctest */ = {isa = PBXFileReference; explicitFileType = wrapper.cfbundle; includeInIndex = 0; path = transitioningAnimationTests.xctest; sourceTree = BUILT_PRODUCTS_DIR; };
		9A6D3A921CD0B37D00A5D334 /* transitioningAnimationTests.swift */ = {isa = PBXFileReference; lastKnownFileType = sourcecode.swift; path = transitioningAnimationTests.swift; sourceTree = "<group>"; };
		9A6D3A941CD0B37D00A5D334 /* Info.plist */ = {isa = PBXFileReference; lastKnownFileType = text.plist.xml; path = Info.plist; sourceTree = "<group>"; };
		9A6D3A991CD0B37D00A5D334 /* transitioningAnimationUITests.xctest */ = {isa = PBXFileReference; explicitFileType = wrapper.cfbundle; includeInIndex = 0; path = transitioningAnimationUITests.xctest; sourceTree = BUILT_PRODUCTS_DIR; };
		9A6D3A9D1CD0B37D00A5D334 /* transitioningAnimationUITests.swift */ = {isa = PBXFileReference; lastKnownFileType = sourcecode.swift; path = transitioningAnimationUITests.swift; sourceTree = "<group>"; };
		9A6D3A9F1CD0B37D00A5D334 /* Info.plist */ = {isa = PBXFileReference; lastKnownFileType = text.plist.xml; path = Info.plist; sourceTree = "<group>"; };
		9A6D3AAB1CD0B40200A5D334 /* TitleButton.swift */ = {isa = PBXFileReference; fileEncoding = 4; lastKnownFileType = sourcecode.swift; path = TitleButton.swift; sourceTree = "<group>"; };
		9A6D3AAC1CD0B40200A5D334 /* ViewController.swift */ = {isa = PBXFileReference; fileEncoding = 4; lastKnownFileType = sourcecode.swift; path = ViewController.swift; sourceTree = "<group>"; };
		9A6D3AAF1CD0B40B00A5D334 /* PopoverAnimator.swift */ = {isa = PBXFileReference; fileEncoding = 4; lastKnownFileType = sourcecode.swift; path = PopoverAnimator.swift; sourceTree = "<group>"; };
		9A6D3AB01CD0B40B00A5D334 /* PopoverPresentAtionController.swift */ = {isa = PBXFileReference; fileEncoding = 4; lastKnownFileType = sourcecode.swift; path = PopoverPresentAtionController.swift; sourceTree = "<group>"; };
		9A6D3AB11CD0B40B00A5D334 /* PopoverTableViewController.swift */ = {isa = PBXFileReference; fileEncoding = 4; lastKnownFileType = sourcecode.swift; path = PopoverTableViewController.swift; sourceTree = "<group>"; };
		9A6D3AB21CD0B40B00A5D334 /* Swvkx5X5jH.gif */ = {isa = PBXFileReference; lastKnownFileType = image.gif; path = Swvkx5X5jH.gif; sourceTree = "<group>"; };
		9A6D3AB71CD0B41000A5D334 /* AppDelegate.swift */ = {isa = PBXFileReference; fileEncoding = 4; lastKnownFileType = sourcecode.swift; path = AppDelegate.swift; sourceTree = "<group>"; };
/* End PBXFileReference section */

/* Begin PBXFrameworksBuildPhase section */
		9A6D3A771CD0B37D00A5D334 /* Frameworks */ = {
			isa = PBXFrameworksBuildPhase;
			buildActionMask = 2147483647;
			files = (
			);
			runOnlyForDeploymentPostprocessing = 0;
		};
		9A6D3A8B1CD0B37D00A5D334 /* Frameworks */ = {
			isa = PBXFrameworksBuildPhase;
			buildActionMask = 2147483647;
			files = (
			);
			runOnlyForDeploymentPostprocessing = 0;
		};
		9A6D3A961CD0B37D00A5D334 /* Frameworks */ = {
			isa = PBXFrameworksBuildPhase;
			buildActionMask = 2147483647;
			files = (
			);
			runOnlyForDeploymentPostprocessing = 0;
		};
/* End PBXFrameworksBuildPhase section */

/* Begin PBXGroup section */
		9A6D3A711CD0B37C00A5D334 = {
			isa = PBXGroup;
			children = (
				9A6D3A7C1CD0B37D00A5D334 /* transitioningAnimation */,
				9A6D3A911CD0B37D00A5D334 /* transitioningAnimationTests */,
				9A6D3A9C1CD0B37D00A5D334 /* transitioningAnimationUITests */,
				9A6D3A7B1CD0B37D00A5D334 /* Products */,
			);
			sourceTree = "<group>";
		};
		9A6D3A7B1CD0B37D00A5D334 /* Products */ = {
			isa = PBXGroup;
			children = (
				9A6D3A7A1CD0B37D00A5D334 /* transitioningAnimation.app */,
				9A6D3A8E1CD0B37D00A5D334 /* transitioningAnimationTests.xctest */,
				9A6D3A991CD0B37D00A5D334 /* transitioningAnimationUITests.xctest */,
			);
			name = Products;
			sourceTree = "<group>";
		};
		9A6D3A7C1CD0B37D00A5D334 /* transitioningAnimation */ = {
			isa = PBXGroup;
			children = (
				9A6D3AB71CD0B41000A5D334 /* AppDelegate.swift */,
				9A6D3AAF1CD0B40B00A5D334 /* PopoverAnimator.swift */,
				9A6D3AB01CD0B40B00A5D334 /* PopoverPresentAtionController.swift */,
				9A6D3AB11CD0B40B00A5D334 /* PopoverTableViewController.swift */,
				9A6D3AB21CD0B40B00A5D334 /* Swvkx5X5jH.gif */,
				9A6D3AAB1CD0B40200A5D334 /* TitleButton.swift */,
				9A6D3AAC1CD0B40200A5D334 /* ViewController.swift */,
				9A6D3A811CD0B37D00A5D334 /* Main.storyboard */,
				9A6D3A841CD0B37D00A5D334 /* Assets.xcassets */,
				9A6D3A861CD0B37D00A5D334 /* LaunchScreen.storyboard */,
				9A6D3A891CD0B37D00A5D334 /* Info.plist */,
			);
			path = transitioningAnimation;
			sourceTree = "<group>";
		};
		9A6D3A911CD0B37D00A5D334 /* transitioningAnimationTests */ = {
			isa = PBXGroup;
			children = (
				9A6D3A921CD0B37D00A5D334 /* transitioningAnimationTests.swift */,
				9A6D3A941CD0B37D00A5D334 /* Info.plist */,
			);
			path = transitioningAnimationTests;
			sourceTree = "<group>";
		};
		9A6D3A9C1CD0B37D00A5D334 /* transitioningAnimationUITests */ = {
			isa = PBXGroup;
			children = (
				9A6D3A9D1CD0B37D00A5D334 /* transitioningAnimationUITests.swift */,
				9A6D3A9F1CD0B37D00A5D334 /* Info.plist */,
			);
			path = transitioningAnimationUITests;
			sourceTree = "<group>";
		};
/* End PBXGroup section */

/* Begin PBXNativeTarget section */
		9A6D3A791CD0B37D00A5D334 /* transitioningAnimation */ = {
			isa = PBXNativeTarget;
			buildConfigurationList = 9A6D3AA21CD0B37D00A5D334 /* Build configuration list for PBXNativeTarget "transitioningAnimation" */;
			buildPhases = (
				9A6D3A761CD0B37D00A5D334 /* Sources */,
				9A6D3A771CD0B37D00A5D334 /* Frameworks */,
				9A6D3A781CD0B37D00A5D334 /* Resources */,
			);
			buildRules = (
			);
			dependencies = (
			);
			name = transitioningAnimation;
			productName = transitioningAnimation;
			productReference = 9A6D3A7A1CD0B37D00A5D334 /* transitioningAnimation.app */;
			productType = "com.apple.product-type.application";
		};
		9A6D3A8D1CD0B37D00A5D334 /* transitioningAnimationTests */ = {
			isa = PBXNativeTarget;
			buildConfigurationList = 9A6D3AA51CD0B37D00A5D334 /* Build configuration list for PBXNativeTarget "transitioningAnimationTests" */;
			buildPhases = (
				9A6D3A8A1CD0B37D00A5D334 /* Sources */,
				9A6D3A8B1CD0B37D00A5D334 /* Frameworks */,
				9A6D3A8C1CD0B37D00A5D334 /* Resources */,
			);
			buildRules = (
			);
			dependencies = (
				9A6D3A901CD0B37D00A5D334 /* PBXTargetDependency */,
			);
			name = transitioningAnimationTests;
			productName = transitioningAnimationTests;
			productReference = 9A6D3A8E1CD0B37D00A5D334 /* transitioningAnimationTests.xctest */;
			productType = "com.apple.product-type.bundle.unit-test";
		};
		9A6D3A981CD0B37D00A5D334 /* transitioningAnimationUITests */ = {
			isa = PBXNativeTarget;
			buildConfigurationList = 9A6D3AA81CD0B37D00A5D334 /* Build configuration list for PBXNativeTarget "transitioningAnimationUITests" */;
			buildPhases = (
				9A6D3A951CD0B37D00A5D334 /* Sources */,
				9A6D3A961CD0B37D00A5D334 /* Frameworks */,
				9A6D3A971CD0B37D00A5D334 /* Resources */,
			);
			buildRules = (
			);
			dependencies = (
				9A6D3A9B1CD0B37D00A5D334 /* PBXTargetDependency */,
			);
			name = transitioningAnimationUITests;
			productName = transitioningAnimationUITests;
			productReference = 9A6D3A991CD0B37D00A5D334 /* transitioningAnimationUITests.xctest */;
			productType = "com.apple.product-type.bundle.ui-testing";
		};
/* End PBXNativeTarget section */

/* Begin PBXProject section */
		9A6D3A721CD0B37C00A5D334 /* Project object */ = {
			isa = PBXProject;
			attributes = {
				LastSwiftUpdateCheck = 0730;
				LastUpgradeCheck = 0810;
				ORGANIZATIONNAME = Cocav;
				TargetAttributes = {
					9A6D3A791CD0B37D00A5D334 = {
						CreatedOnToolsVersion = 7.3;
						LastSwiftMigration = 0810;
					};
					9A6D3A8D1CD0B37D00A5D334 = {
						CreatedOnToolsVersion = 7.3;
						LastSwiftMigration = 0810;
						TestTargetID = 9A6D3A791CD0B37D00A5D334;
					};
					9A6D3A981CD0B37D00A5D334 = {
						CreatedOnToolsVersion = 7.3;
						LastSwiftMigration = 0810;
						TestTargetID = 9A6D3A791CD0B37D00A5D334;
					};
				};
			};
			buildConfigurationList = 9A6D3A751CD0B37D00A5D334 /* Build configuration list for PBXProject "transitioningAnimation" */;
			compatibilityVersion = "Xcode 3.2";
			developmentRegion = English;
			hasScannedForEncodings = 0;
			knownRegions = (
				en,
				Base,
			);
			mainGroup = 9A6D3A711CD0B37C00A5D334;
			productRefGroup = 9A6D3A7B1CD0B37D00A5D334 /* Products */;
			projectDirPath = "";
			projectRoot = "";
			targets = (
				9A6D3A791CD0B37D00A5D334 /* transitioningAnimation */,
				9A6D3A8D1CD0B37D00A5D334 /* transitioningAnimationTests */,
				9A6D3A981CD0B37D00A5D334 /* transitioningAnimationUITests */,
			);
		};
/* End PBXProject section */

/* Begin PBXResourcesBuildPhase section */
		9A6D3A781CD0B37D00A5D334 /* Resources */ = {
			isa = PBXResourcesBuildPhase;
			buildActionMask = 2147483647;
			files = (
				9A6D3A881CD0B37D00A5D334 /* LaunchScreen.storyboard in Resources */,
				9A6D3AB61CD0B40B00A5D334 /* Swvkx5X5jH.gif in Resources */,
				9A6D3A851CD0B37D00A5D334 /* Assets.xcassets in Resources */,
				9A6D3A831CD0B37D00A5D334 /* Main.storyboard in Resources */,
			);
			runOnlyForDeploymentPostprocessing = 0;
		};
		9A6D3A8C1CD0B37D00A5D334 /* Resources */ = {
			isa = PBXResourcesBuildPhase;
			buildActionMask = 2147483647;
			files = (
			);
			runOnlyForDeploymentPostprocessing = 0;
		};
		9A6D3A971CD0B37D00A5D334 /* Resources */ = {
			isa = PBXResourcesBuildPhase;
			buildActionMask = 2147483647;
			files = (
			);
			runOnlyForDeploymentPostprocessing = 0;
		};
/* End PBXResourcesBuildPhase section */

/* Begin PBXSourcesBuildPhase section */
		9A6D3A761CD0B37D00A5D334 /* Sources */ = {
			isa = PBXSourcesBuildPhase;
			buildActionMask = 2147483647;
			files = (
				9A6D3AB81CD0B41000A5D334 /* AppDelegate.swift in Sources */,
				9A6D3AAE1CD0B40200A5D334 /* ViewController.swift in Sources */,
				9A6D3AB51CD0B40B00A5D334 /* PopoverTableViewController.swift in Sources */,
				9A6D3AB41CD0B40B00A5D334 /* PopoverPresentAtionController.swift in Sources */,
				9A6D3AB31CD0B40B00A5D334 /* PopoverAnimator.swift in Sources */,
				9A6D3AAD1CD0B40200A5D334 /* TitleButton.swift in Sources */,
			);
			runOnlyForDeploymentPostprocessing = 0;
		};
		9A6D3A8A1CD0B37D00A5D334 /* Sources */ = {
			isa = PBXSourcesBuildPhase;
			buildActionMask = 2147483647;
			files = (
				9A6D3A931CD0B37D00A5D334 /* transitioningAnimationTests.swift in Sources */,
			);
			runOnlyForDeploymentPostprocessing = 0;
		};
		9A6D3A951CD0B37D00A5D334 /* Sources */ = {
			isa = PBXSourcesBuildPhase;
			buildActionMask = 2147483647;
			files = (
				9A6D3A9E1CD0B37D00A5D334 /* transitioningAnimationUITests.swift in Sources */,
			);
			runOnlyForDeploymentPostprocessing = 0;
		};
/* End PBXSourcesBuildPhase section */

/* Begin PBXTargetDependency section */
		9A6D3A901CD0B37D00A5D334 /* PBXTargetDependency */ = {
			isa = PBXTargetDependency;
			target = 9A6D3A791CD0B37D00A5D334 /* transitioningAnimation */;
			targetProxy = 9A6D3A8F1CD0B37D00A5D334 /* PBXContainerItemProxy */;
		};
		9A6D3A9B1CD0B37D00A5D334 /* PBXTargetDependency */ = {
			isa = PBXTargetDependency;
			target = 9A6D3A791CD0B37D00A5D334 /* transitioningAnimation */;
			targetProxy = 9A6D3A9A1CD0B37D00A5D334 /* PBXContainerItemProxy */;
		};
/* End PBXTargetDependency section */

/* Begin PBXVariantGroup section */
		9A6D3A811CD0B37D00A5D334 /* Main.storyboard */ = {
			isa = PBXVariantGroup;
			children = (
				9A6D3A821CD0B37D00A5D334 /* Base */,
			);
			name = Main.storyboard;
			sourceTree = "<group>";
		};
		9A6D3A861CD0B37D00A5D334 /* LaunchScreen.storyboard */ = {
			isa = PBXVariantGroup;
			children = (
				9A6D3A871CD0B37D00A5D334 /* Base */,
			);
			name = LaunchScreen.storyboard;
			sourceTree = "<group>";
		};
/* End PBXVariantGroup section */

/* Begin XCBuildConfiguration section */
		9A6D3AA01CD0B37D00A5D334 /* Debug */ = {
			isa = XCBuildConfiguration;
			buildSettings = {
				ALWAYS_SEARCH_USER_PATHS = NO;
				CLANG_ANALYZER_NONNULL = YES;
				CLANG_CXX_LANGUAGE_STANDARD = "gnu++0x";
				CLANG_CXX_LIBRARY = "libc++";
				CLANG_ENABLE_MODULES = YES;
				CLANG_ENABLE_OBJC_ARC = YES;
				CLANG_WARN_BOOL_CONVERSION = YES;
				CLANG_WARN_CONSTANT_CONVERSION = YES;
				CLANG_WARN_DIRECT_OBJC_ISA_USAGE = YES_ERROR;
				CLANG_WARN_EMPTY_BODY = YES;
				CLANG_WARN_ENUM_CONVERSION = YES;
				CLANG_WARN_INFINITE_RECURSION = YES;
				CLANG_WARN_INT_CONVERSION = YES;
				CLANG_WARN_OBJC_ROOT_CLASS = YES_ERROR;
				CLANG_WARN_SUSPICIOUS_MOVE = YES;
				CLANG_WARN_UNREACHABLE_CODE = YES;
				CLANG_WARN__DUPLICATE_METHOD_MATCH = YES;
				"CODE_SIGN_IDENTITY[sdk=iphoneos*]" = "iPhone Developer";
				COPY_PHASE_STRIP = NO;
				DEBUG_INFORMATION_FORMAT = dwarf;
				ENABLE_STRICT_OBJC_MSGSEND = YES;
				ENABLE_TESTABILITY = YES;
				GCC_C_LANGUAGE_STANDARD = gnu99;
				GCC_DYNAMIC_NO_PIC = NO;
				GCC_NO_COMMON_BLOCKS = YES;
				GCC_OPTIMIZATION_LEVEL = 0;
				GCC_PREPROCESSOR_DEFINITIONS = (
					"DEBUG=1",
					"$(inherited)",
				);
				GCC_WARN_64_TO_32_BIT_CONVERSION = YES;
				GCC_WARN_ABOUT_RETURN_TYPE = YES_ERROR;
				GCC_WARN_UNDECLARED_SELECTOR = YES;
				GCC_WARN_UNINITIALIZED_AUTOS = YES_AGGRESSIVE;
				GCC_WARN_UNUSED_FUNCTION = YES;
				GCC_WARN_UNUSED_VARIABLE = YES;
				IPHONEOS_DEPLOYMENT_TARGET = 9.3;
				MTL_ENABLE_DEBUG_INFO = YES;
				ONLY_ACTIVE_ARCH = YES;
				SDKROOT = iphoneos;
				SWIFT_OPTIMIZATION_LEVEL = "-Onone";
				TARGETED_DEVICE_FAMILY = "1,2";
			};
			name = Debug;
		};
		9A6D3AA11CD0B37D00A5D334 /* Release */ = {
			isa = XCBuildConfiguration;
			buildSettings = {
				ALWAYS_SEARCH_USER_PATHS = NO;
				CLANG_ANALYZER_NONNULL = YES;
				CLANG_CXX_LANGUAGE_STANDARD = "gnu++0x";
				CLANG_CXX_LIBRARY = "libc++";
				CLANG_ENABLE_MODULES = YES;
				CLANG_ENABLE_OBJC_ARC = YES;
				CLANG_WARN_BOOL_CONVERSION = YES;
				CLANG_WARN_CONSTANT_CONVERSION = YES;
				CLANG_WARN_DIRECT_OBJC_ISA_USAGE = YES_ERROR;
				CLANG_WARN_EMPTY_BODY = YES;
				CLANG_WARN_ENUM_CONVERSION = YES;
				CLANG_WARN_INFINITE_RECURSION = YES;
				CLANG_WARN_INT_CONVERSION = YES;
				CLANG_WARN_OBJC_ROOT_CLASS = YES_ERROR;
				CLANG_WARN_SUSPICIOUS_MOVE = YES;
				CLANG_WARN_UNREACHABLE_CODE = YES;
				CLANG_WARN__DUPLICATE_METHOD_MATCH = YES;
				"CODE_SIGN_IDENTITY[sdk=iphoneos*]" = "iPhone Developer";
				COPY_PHASE_STRIP = NO;
				DEBUG_INFORMATION_FORMAT = "dwarf-with-dsym";
				ENABLE_NS_ASSERTIONS = NO;
				ENABLE_STRICT_OBJC_MSGSEND = YES;
				GCC_C_LANGUAGE_STANDARD = gnu99;
				GCC_NO_COMMON_BLOCKS = YES;
				GCC_WARN_64_TO_32_BIT_CONVERSION = YES;
				GCC_WARN_ABOUT_RETURN_TYPE = YES_ERROR;
				GCC_WARN_UNDECLARED_SELECTOR = YES;
				GCC_WARN_UNINITIALIZED_AUTOS = YES_AGGRESSIVE;
				GCC_WARN_UNUSED_FUNCTION = YES;
				GCC_WARN_UNUSED_VARIABLE = YES;
				IPHONEOS_DEPLOYMENT_TARGET = 9.3;
				MTL_ENABLE_DEBUG_INFO = NO;
				SDKROOT = iphoneos;
				SWIFT_OPTIMIZATION_LEVEL = "-Owholemodule";
				TARGETED_DEVICE_FAMILY = "1,2";
				VALIDATE_PRODUCT = YES;
			};
			name = Release;
		};
		9A6D3AA31CD0B37D00A5D334 /* Debug */ = {
			isa = XCBuildConfiguration;
			buildSettings = {
				ASSETCATALOG_COMPILER_APPICON_NAME = AppIcon;
				CLANG_ENABLE_MODULES = YES;
				INFOPLIST_FILE = transitioningAnimation/Info.plist;
				LD_RUNPATH_SEARCH_PATHS = "$(inherited) @executable_path/Frameworks";
				PRODUCT_BUNDLE_IDENTIFIER = com.cocav.transitioningAnimation;
				PRODUCT_NAME = "$(TARGET_NAME)";
				SWIFT_OPTIMIZATION_LEVEL = "-Onone";
				SWIFT_VERSION = 3.0;
			};
			name = Debug;
		};
		9A6D3AA41CD0B37D00A5D334 /* Release */ = {
			isa = XCBuildConfiguration;
			buildSettings = {
				ASSETCATALOG_COMPILER_APPICON_NAME = AppIcon;
				CLANG_ENABLE_MODULES = YES;
				INFOPLIST_FILE = transitioningAnimation/Info.plist;
				LD_RUNPATH_SEARCH_PATHS = "$(inherited) @executable_path/Frameworks";
				PRODUCT_BUNDLE_IDENTIFIER = com.cocav.transitioningAnimation;
				PRODUCT_NAME = "$(TARGET_NAME)";
				SWIFT_VERSION = 3.0;
			};
			name = Release;
		};
		9A6D3AA61CD0B37D00A5D334 /* Debug */ = {
			isa = XCBuildConfiguration;
			buildSettings = {
				BUNDLE_LOADER = "$(TEST_HOST)";
				INFOPLIST_FILE = transitioningAnimationTests/Info.plist;
				LD_RUNPATH_SEARCH_PATHS = "$(inherited) @executable_path/Frameworks @loader_path/Frameworks";
				PRODUCT_BUNDLE_IDENTIFIER = com.cocav.transitioningAnimationTests;
				PRODUCT_NAME = "$(TARGET_NAME)";
				SWIFT_VERSION = 3.0;
				TEST_HOST = "$(BUILT_PRODUCTS_DIR)/transitioningAnimation.app/transitioningAnimation";
			};
			name = Debug;
		};
		9A6D3AA71CD0B37D00A5D334 /* Release */ = {
			isa = XCBuildConfiguration;
			buildSettings = {
				BUNDLE_LOADER = "$(TEST_HOST)";
				INFOPLIST_FILE = transitioningAnimationTests/Info.plist;
				LD_RUNPATH_SEARCH_PATHS = "$(inherited) @executable_path/Frameworks @loader_path/Frameworks";
				PRODUCT_BUNDLE_IDENTIFIER = com.cocav.transitioningAnimationTests;
				PRODUCT_NAME = "$(TARGET_NAME)";
				SWIFT_VERSION = 3.0;
				TEST_HOST = "$(BUILT_PRODUCTS_DIR)/transitioningAnimation.app/transitioningAnimation";
			};
			name = Release;
		};
		9A6D3AA91CD0B37D00A5D334 /* Debug */ = {
			isa = XCBuildConfiguration;
			buildSettings = {
				INFOPLIST_FILE = transitioningAnimationUITests/Info.plist;
				LD_RUNPATH_SEARCH_PATHS = "$(inherited) @executable_path/Frameworks @loader_path/Frameworks";
				PRODUCT_BUNDLE_IDENTIFIER = com.cocav.transitioningAnimationUITests;
				PRODUCT_NAME = "$(TARGET_NAME)";
				SWIFT_VERSION = 3.0;
				TEST_TARGET_NAME = transitioningAnimation;
			};
			name = Debug;
		};
		9A6D3AAA1CD0B37D00A5D334 /* Release */ = {
			isa = XCBuildConfiguration;
			buildSettings = {
				INFOPLIST_FILE = transitioningAnimationUITests/Info.plist;
				LD_RUNPATH_SEARCH_PATHS = "$(inherited) @executable_path/Frameworks @loader_path/Frameworks";
				PRODUCT_BUNDLE_IDENTIFIER = com.cocav.transitioningAnimationUITests;
				PRODUCT_NAME = "$(TARGET_NAME)";
				SWIFT_VERSION = 3.0;
				TEST_TARGET_NAME = transitioningAnimation;
			};
			name = Release;
		};
/* End XCBuildConfiguration section */

/* Begin XCConfigurationList section */
		9A6D3A751CD0B37D00A5D334 /* Build configuration list for PBXProject "transitioningAnimation" */ = {
			isa = XCConfigurationList;
			buildConfigurations = (
				9A6D3AA01CD0B37D00A5D334 /* Debug */,
				9A6D3AA11CD0B37D00A5D334 /* Release */,
			);
			defaultConfigurationIsVisible = 0;
			defaultConfigurationName = Release;
		};
		9A6D3AA21CD0B37D00A5D334 /* Build configuration list for PBXNativeTarget "transitioningAnimation" */ = {
			isa = XCConfigurationList;
			buildConfigurations = (
				9A6D3AA31CD0B37D00A5D334 /* Debug */,
				9A6D3AA41CD0B37D00A5D334 /* Release */,
			);
			defaultConfigurationIsVisible = 0;
			defaultConfigurationName = Release;
		};
		9A6D3AA51CD0B37D00A5D334 /* Build configuration list for PBXNativeTarget "transitioningAnimationTests" */ = {
			isa = XCConfigurationList;
			buildConfigurations = (
				9A6D3AA61CD0B37D00A5D334 /* Debug */,
				9A6D3AA71CD0B37D00A5D334 /* Release */,
			);
			defaultConfigurationIsVisible = 0;
			defaultConfigurationName = Release;
		};
		9A6D3AA81CD0B37D00A5D334 /* Build configuration list for PBXNativeTarget "transitioningAnimationUITests" */ = {
			isa = XCConfigurationList;
			buildConfigurations = (
				9A6D3AA91CD0B37D00A5D334 /* Debug */,
				9A6D3AAA1CD0B37D00A5D334 /* Release */,
			);
			defaultConfigurationIsVisible = 0;
			defaultConfigurationName = Release;
		};
/* End XCConfigurationList section */
	};
	rootObject = 9A6D3A721CD0B37C00A5D334 /* Project object */;
}
