// !$*UTF8*$!
{
	archiveVersion = 1;
	classes = {
	};
	objectVersion = 46;
	objects = {

/* Begin PBXBuildFile section */
		8D9E53C9F60AE8D39BC6BD5B /* Pods_PhotoBrowser.framework in Frameworks */ = {isa = PBXBuildFile; fileRef = 262834EFEE1451DDF7F4A70E /* Pods_PhotoBrowser.framework */; };
		9A48CF901EA06AEB002A4E87 /* AppDelegate.swift in Sources */ = {isa = PBXBuildFile; fileRef = 9A48CF8F1EA06AEB002A4E87 /* AppDelegate.swift */; };
		9A48CF921EA06AEC002A4E87 /* ViewController.swift in Sources */ = {isa = PBXBuildFile; fileRef = 9A48CF911EA06AEC002A4E87 /* ViewController.swift */; };
		9A48CF951EA06AEC002A4E87 /* Main.storyboard in Resources */ = {isa = PBXBuildFile; fileRef = 9A48CF931EA06AEC002A4E87 /* Main.storyboard */; };
		9A48CF971EA06AEC002A4E87 /* Assets.xcassets in Resources */ = {isa = PBXBuildFile; fileRef = 9A48CF961EA06AEC002A4E87 /* Assets.xcassets */; };
		9A48CF9A1EA06AEC002A4E87 /* LaunchScreen.storyboard in Resources */ = {isa = PBXBuildFile; fileRef = 9A48CF981EA06AEC002A4E87 /* LaunchScreen.storyboard */; };
		9A48CFBA1EA06C5C002A4E87 /* JKHUDManager.m in Sources */ = {isa = PBXBuildFile; fileRef = 9A48CFA41EA06C5C002A4E87 /* JKHUDManager.m */; };
		9A48CFBD1EA06C5C002A4E87 /* NSObject+GCDDelayTask.m in Sources */ = {isa = PBXBuildFile; fileRef = 9A48CFAA1EA06C5C002A4E87 /* NSObject+GCDDelayTask.m */; };
		9A48CFBE1EA06C5C002A4E87 /* UIWindow+Extension.m in Sources */ = {isa = PBXBuildFile; fileRef = 9A48CFAC1EA06C5C002A4E87 /* UIWindow+Extension.m */; };
		9A48CFBF1EA06C5C002A4E87 /* JKActionSheet.m in Sources */ = {isa = PBXBuildFile; fileRef = 9A48CFB01EA06C5C002A4E87 /* JKActionSheet.m */; };
		9A48CFC01EA06C5C002A4E87 /* JKActionSheetCell.m in Sources */ = {isa = PBXBuildFile; fileRef = 9A48CFB21EA06C5C002A4E87 /* JKActionSheetCell.m */; };
		9A48CFC11EA06C5C002A4E87 /* JKPhotoCollectionViewCell.m in Sources */ = {isa = PBXBuildFile; fileRef = 9A48CFB51EA06C5C002A4E87 /* JKPhotoCollectionViewCell.m */; };
		9A48CFC21EA06C5C002A4E87 /* JKPhotoManager.m in Sources */ = {isa = PBXBuildFile; fileRef = 9A48CFB71EA06C5C002A4E87 /* JKPhotoManager.m */; };
		9A48CFC31EA06C5C002A4E87 /* JKPhotoModel.m in Sources */ = {isa = PBXBuildFile; fileRef = 9A48CFB91EA06C5C002A4E87 /* JKPhotoModel.m */; };
/* End PBXBuildFile section */

/* Begin PBXFileReference section */
		236218A5BFEB1A8C666345AF /* Pods-PhotoBrowser.release.xcconfig */ = {isa = PBXFileReference; includeInIndex = 1; lastKnownFileType = text.xcconfig; name = "Pods-PhotoBrowser.release.xcconfig"; path = "Pods/Target Support Files/Pods-PhotoBrowser/Pods-PhotoBrowser.release.xcconfig"; sourceTree = "<group>"; };
		262834EFEE1451DDF7F4A70E /* Pods_PhotoBrowser.framework */ = {isa = PBXFileReference; explicitFileType = wrapper.framework; includeInIndex = 0; path = Pods_PhotoBrowser.framework; sourceTree = BUILT_PRODUCTS_DIR; };
		9A48CF8C1EA06AEB002A4E87 /* PhotoBrowser.app */ = {isa = PBXFileReference; explicitFileType = wrapper.application; includeInIndex = 0; path = PhotoBrowser.app; sourceTree = BUILT_PRODUCTS_DIR; };
		9A48CF8F1EA06AEB002A4E87 /* AppDelegate.swift */ = {isa = PBXFileReference; lastKnownFileType = sourcecode.swift; path = AppDelegate.swift; sourceTree = "<group>"; };
		9A48CF911EA06AEC002A4E87 /* ViewController.swift */ = {isa = PBXFileReference; lastKnownFileType = sourcecode.swift; path = ViewController.swift; sourceTree = "<group>"; };
		9A48CF941EA06AEC002A4E87 /* Base */ = {isa = PBXFileReference; lastKnownFileType = file.storyboard; name = Base; path = Base.lproj/Main.storyboard; sourceTree = "<group>"; };
		9A48CF961EA06AEC002A4E87 /* Assets.xcassets */ = {isa = PBXFileReference; lastKnownFileType = folder.assetcatalog; path = Assets.xcassets; sourceTree = "<group>"; };
		9A48CF991EA06AEC002A4E87 /* Base */ = {isa = PBXFileReference; lastKnownFileType = file.storyboard; name = Base; path = Base.lproj/LaunchScreen.storyboard; sourceTree = "<group>"; };
		9A48CF9B1EA06AED002A4E87 /* Info.plist */ = {isa = PBXFileReference; lastKnownFileType = text.plist.xml; path = Info.plist; sourceTree = "<group>"; };
		9A48CFA31EA06C5C002A4E87 /* JKHUDManager.h */ = {isa = PBXFileReference; fileEncoding = 4; lastKnownFileType = sourcecode.c.h; path = JKHUDManager.h; sourceTree = "<group>"; };
		9A48CFA41EA06C5C002A4E87 /* JKHUDManager.m */ = {isa = PBXFileReference; fileEncoding = 4; lastKnownFileType = sourcecode.c.objc; path = JKHUDManager.m; sourceTree = "<group>"; };
		9A48CFA91EA06C5C002A4E87 /* NSObject+GCDDelayTask.h */ = {isa = PBXFileReference; fileEncoding = 4; lastKnownFileType = sourcecode.c.h; path = "NSObject+GCDDelayTask.h"; sourceTree = "<group>"; };
		9A48CFAA1EA06C5C002A4E87 /* NSObject+GCDDelayTask.m */ = {isa = PBXFileReference; fileEncoding = 4; lastKnownFileType = sourcecode.c.objc; path = "NSObject+GCDDelayTask.m"; sourceTree = "<group>"; };
		9A48CFAB1EA06C5C002A4E87 /* UIWindow+Extension.h */ = {isa = PBXFileReference; fileEncoding = 4; lastKnownFileType = sourcecode.c.h; path = "UIWindow+Extension.h"; sourceTree = "<group>"; };
		9A48CFAC1EA06C5C002A4E87 /* UIWindow+Extension.m */ = {isa = PBXFileReference; fileEncoding = 4; lastKnownFileType = sourcecode.c.objc; path = "UIWindow+Extension.m"; sourceTree = "<group>"; };
		9A48CFAF1EA06C5C002A4E87 /* JKActionSheet.h */ = {isa = PBXFileReference; fileEncoding = 4; lastKnownFileType = sourcecode.c.h; path = JKActionSheet.h; sourceTree = "<group>"; };
		9A48CFB01EA06C5C002A4E87 /* JKActionSheet.m */ = {isa = PBXFileReference; fileEncoding = 4; lastKnownFileType = sourcecode.c.objc; path = JKActionSheet.m; sourceTree = "<group>"; };
		9A48CFB11EA06C5C002A4E87 /* JKActionSheetCell.h */ = {isa = PBXFileReference; fileEncoding = 4; lastKnownFileType = sourcecode.c.h; path = JKActionSheetCell.h; sourceTree = "<group>"; };
		9A48CFB21EA06C5C002A4E87 /* JKActionSheetCell.m */ = {isa = PBXFileReference; fileEncoding = 4; lastKnownFileType = sourcecode.c.objc; path = JKActionSheetCell.m; sourceTree = "<group>"; };
		9A48CFB31EA06C5C002A4E87 /* JKPhotoBrowser.h */ = {isa = PBXFileReference; fileEncoding = 4; lastKnownFileType = sourcecode.c.h; path = JKPhotoBrowser.h; sourceTree = "<group>"; };
		9A48CFB41EA06C5C002A4E87 /* JKPhotoCollectionViewCell.h */ = {isa = PBXFileReference; fileEncoding = 4; lastKnownFileType = sourcecode.c.h; path = JKPhotoCollectionViewCell.h; sourceTree = "<group>"; };
		9A48CFB51EA06C5C002A4E87 /* JKPhotoCollectionViewCell.m */ = {isa = PBXFileReference; fileEncoding = 4; lastKnownFileType = sourcecode.c.objc; path = JKPhotoCollectionViewCell.m; sourceTree = "<group>"; };
		9A48CFB61EA06C5C002A4E87 /* JKPhotoManager.h */ = {isa = PBXFileReference; fileEncoding = 4; lastKnownFileType = sourcecode.c.h; path = JKPhotoManager.h; sourceTree = "<group>"; };
		9A48CFB71EA06C5C002A4E87 /* JKPhotoManager.m */ = {isa = PBXFileReference; fileEncoding = 4; lastKnownFileType = sourcecode.c.objc; path = JKPhotoManager.m; sourceTree = "<group>"; };
		9A48CFB81EA06C5C002A4E87 /* JKPhotoModel.h */ = {isa = PBXFileReference; fileEncoding = 4; lastKnownFileType = sourcecode.c.h; path = JKPhotoModel.h; sourceTree = "<group>"; };
		9A48CFB91EA06C5C002A4E87 /* JKPhotoModel.m */ = {isa = PBXFileReference; fileEncoding = 4; lastKnownFileType = sourcecode.c.objc; path = JKPhotoModel.m; sourceTree = "<group>"; };
		9A48CFC41EA06D17002A4E87 /* Bridge.h */ = {isa = PBXFileReference; fileEncoding = 4; lastKnownFileType = sourcecode.c.h; path = Bridge.h; sourceTree = "<group>"; };
		B9D9A0F5213A6ECA787969E6 /* Pods-PhotoBrowser.debug.xcconfig */ = {isa = PBXFileReference; includeInIndex = 1; lastKnownFileType = text.xcconfig; name = "Pods-PhotoBrowser.debug.xcconfig"; path = "Pods/Target Support Files/Pods-PhotoBrowser/Pods-PhotoBrowser.debug.xcconfig"; sourceTree = "<group>"; };
/* End PBXFileReference section */

/* Begin PBXFrameworksBuildPhase section */
		9A48CF891EA06AEB002A4E87 /* Frameworks */ = {
			isa = PBXFrameworksBuildPhase;
			buildActionMask = 2147483647;
			files = (
				8D9E53C9F60AE8D39BC6BD5B /* Pods_PhotoBrowser.framework in Frameworks */,
			);
			runOnlyForDeploymentPostprocessing = 0;
		};
/* End PBXFrameworksBuildPhase section */

/* Begin PBXGroup section */
		028011B66C6B8485F2761EC1 /* Frameworks */ = {
			isa = PBXGroup;
			children = (
				262834EFEE1451DDF7F4A70E /* Pods_PhotoBrowser.framework */,
			);
			name = Frameworks;
			sourceTree = "<group>";
		};
		9A48CF831EA06AEB002A4E87 = {
			isa = PBXGroup;
			children = (
				9A48CF8E1EA06AEB002A4E87 /* PhotoBrowser */,
				9A48CF8D1EA06AEB002A4E87 /* Products */,
				EB08D8630E5DFEBB16B4D252 /* Pods */,
				028011B66C6B8485F2761EC1 /* Frameworks */,
			);
			sourceTree = "<group>";
		};
		9A48CF8D1EA06AEB002A4E87 /* Products */ = {
			isa = PBXGroup;
			children = (
				9A48CF8C1EA06AEB002A4E87 /* PhotoBrowser.app */,
			);
			name = Products;
			sourceTree = "<group>";
		};
		9A48CF8E1EA06AEB002A4E87 /* PhotoBrowser */ = {
			isa = PBXGroup;
			children = (
				9A48CFC41EA06D17002A4E87 /* Bridge.h */,
				9A48CFA11EA06C4F002A4E87 /* Lib */,
				9A48CF8F1EA06AEB002A4E87 /* AppDelegate.swift */,
				9A48CF911EA06AEC002A4E87 /* ViewController.swift */,
				9A48CF931EA06AEC002A4E87 /* Main.storyboard */,
				9A48CF961EA06AEC002A4E87 /* Assets.xcassets */,
				9A48CF981EA06AEC002A4E87 /* LaunchScreen.storyboard */,
				9A48CF9B1EA06AED002A4E87 /* Info.plist */,
			);
			path = PhotoBrowser;
			sourceTree = "<group>";
		};
		9A48CFA11EA06C4F002A4E87 /* Lib */ = {
			isa = PBXGroup;
			children = (
				9A48CFA21EA06C5C002A4E87 /* JKMBProgressHUD */,
				9A48CFAD1EA06C5C002A4E87 /* JKPhotoBrowser */,
			);
			path = Lib;
			sourceTree = "<group>";
		};
		9A48CFA21EA06C5C002A4E87 /* JKMBProgressHUD */ = {
			isa = PBXGroup;
			children = (
				9A48CFA31EA06C5C002A4E87 /* JKHUDManager.h */,
				9A48CFA41EA06C5C002A4E87 /* JKHUDManager.m */,
				9A48CFA81EA06C5C002A4E87 /* NSObject+GCDDelayTask */,
				9A48CFAB1EA06C5C002A4E87 /* UIWindow+Extension.h */,
				9A48CFAC1EA06C5C002A4E87 /* UIWindow+Extension.m */,
			);
			path = JKMBProgressHUD;
			sourceTree = "<group>";
		};
		9A48CFA81EA06C5C002A4E87 /* NSObject+GCDDelayTask */ = {
			isa = PBXGroup;
			children = (
				9A48CFA91EA06C5C002A4E87 /* NSObject+GCDDelayTask.h */,
				9A48CFAA1EA06C5C002A4E87 /* NSObject+GCDDelayTask.m */,
			);
			path = "NSObject+GCDDelayTask";
			sourceTree = "<group>";
		};
		9A48CFAD1EA06C5C002A4E87 /* JKPhotoBrowser */ = {
			isa = PBXGroup;
			children = (
				9A48CFAE1EA06C5C002A4E87 /* JKActionSheet */,
				9A48CFB31EA06C5C002A4E87 /* JKPhotoBrowser.h */,
				9A48CFB41EA06C5C002A4E87 /* JKPhotoCollectionViewCell.h */,
				9A48CFB51EA06C5C002A4E87 /* JKPhotoCollectionViewCell.m */,
				9A48CFB61EA06C5C002A4E87 /* JKPhotoManager.h */,
				9A48CFB71EA06C5C002A4E87 /* JKPhotoManager.m */,
				9A48CFB81EA06C5C002A4E87 /* JKPhotoModel.h */,
				9A48CFB91EA06C5C002A4E87 /* JKPhotoModel.m */,
			);
			path = JKPhotoBrowser;
			sourceTree = "<group>";
		};
		9A48CFAE1EA06C5C002A4E87 /* JKActionSheet */ = {
			isa = PBXGroup;
			children = (
				9A48CFAF1EA06C5C002A4E87 /* JKActionSheet.h */,
				9A48CFB01EA06C5C002A4E87 /* JKActionSheet.m */,
				9A48CFB11EA06C5C002A4E87 /* JKActionSheetCell.h */,
				9A48CFB21EA06C5C002A4E87 /* JKActionSheetCell.m */,
			);
			path = JKActionSheet;
			sourceTree = "<group>";
		};
		EB08D8630E5DFEBB16B4D252 /* Pods */ = {
			isa = PBXGroup;
			children = (
				B9D9A0F5213A6ECA787969E6 /* Pods-PhotoBrowser.debug.xcconfig */,
				236218A5BFEB1A8C666345AF /* Pods-PhotoBrowser.release.xcconfig */,
			);
			name = Pods;
			sourceTree = "<group>";
		};
/* End PBXGroup section */

/* Begin PBXNativeTarget section */
		9A48CF8B1EA06AEB002A4E87 /* PhotoBrowser */ = {
			isa = PBXNativeTarget;
			buildConfigurationList = 9A48CF9E1EA06AED002A4E87 /* Build configuration list for PBXNativeTarget "PhotoBrowser" */;
			buildPhases = (
				DC5CC335A494F37CF67E55B3 /* [CP] Check Pods Manifest.lock */,
				9A48CF881EA06AEB002A4E87 /* Sources */,
				9A48CF891EA06AEB002A4E87 /* Frameworks */,
				9A48CF8A1EA06AEB002A4E87 /* Resources */,
				36BF34007807F4089AC88663 /* [CP] Embed Pods Frameworks */,
				EDF9344CF793D06C4707164B /* [CP] Copy Pods Resources */,
			);
			buildRules = (
			);
			dependencies = (
			);
			name = PhotoBrowser;
			productName = PhotoBrowser;
			productReference = 9A48CF8C1EA06AEB002A4E87 /* PhotoBrowser.app */;
			productType = "com.apple.product-type.application";
		};
/* End PBXNativeTarget section */

/* Begin PBXProject section */
		9A48CF841EA06AEB002A4E87 /* Project object */ = {
			isa = PBXProject;
			attributes = {
				LastSwiftUpdateCheck = 0830;
				LastUpgradeCheck = 0830;
				ORGANIZATIONNAME = ShaoFeng;
				TargetAttributes = {
					9A48CF8B1EA06AEB002A4E87 = {
						CreatedOnToolsVersion = 8.3;
						ProvisioningStyle = Automatic;
					};
				};
			};
			buildConfigurationList = 9A48CF871EA06AEB002A4E87 /* Build configuration list for PBXProject "PhotoBrowser" */;
			compatibilityVersion = "Xcode 3.2";
			developmentRegion = English;
			hasScannedForEncodings = 0;
			knownRegions = (
				en,
				Base,
			);
			mainGroup = 9A48CF831EA06AEB002A4E87;
			productRefGroup = 9A48CF8D1EA06AEB002A4E87 /* Products */;
			projectDirPath = "";
			projectRoot = "";
			targets = (
				9A48CF8B1EA06AEB002A4E87 /* PhotoBrowser */,
			);
		};
/* End PBXProject section */

/* Begin PBXResourcesBuildPhase section */
		9A48CF8A1EA06AEB002A4E87 /* Resources */ = {
			isa = PBXResourcesBuildPhase;
			buildActionMask = 2147483647;
			files = (
				9A48CF9A1EA06AEC002A4E87 /* LaunchScreen.storyboard in Resources */,
				9A48CF971EA06AEC002A4E87 /* Assets.xcassets in Resources */,
				9A48CF951EA06AEC002A4E87 /* Main.storyboard in Resources */,
			);
			runOnlyForDeploymentPostprocessing = 0;
		};
/* End PBXResourcesBuildPhase section */

/* Begin PBXShellScriptBuildPhase section */
		36BF34007807F4089AC88663 /* [CP] Embed Pods Frameworks */ = {
			isa = PBXShellScriptBuildPhase;
			buildActionMask = 2147483647;
			files = (
			);
			inputPaths = (
			);
			name = "[CP] Embed Pods Frameworks";
			outputPaths = (
			);
			runOnlyForDeploymentPostprocessing = 0;
			shellPath = /bin/sh;
			shellScript = "\"${SRCROOT}/Pods/Target Support Files/Pods-PhotoBrowser/Pods-PhotoBrowser-frameworks.sh\"\n";
			showEnvVarsInLog = 0;
		};
		DC5CC335A494F37CF67E55B3 /* [CP] Check Pods Manifest.lock */ = {
			isa = PBXShellScriptBuildPhase;
			buildActionMask = 2147483647;
			files = (
			);
			inputPaths = (
			);
			name = "[CP] Check Pods Manifest.lock";
			outputPaths = (
			);
			runOnlyForDeploymentPostprocessing = 0;
			shellPath = /bin/sh;
			shellScript = "diff \"${PODS_ROOT}/../Podfile.lock\" \"${PODS_ROOT}/Manifest.lock\" > /dev/null\nif [ $? != 0 ] ; then\n    # print error to STDERR\n    echo \"error: The sandbox is not in sync with the Podfile.lock. Run 'pod install' or update your CocoaPods installation.\" >&2\n    exit 1\nfi\n";
			showEnvVarsInLog = 0;
		};
		EDF9344CF793D06C4707164B /* [CP] Copy Pods Resources */ = {
			isa = PBXShellScriptBuildPhase;
			buildActionMask = 2147483647;
			files = (
			);
			inputPaths = (
			);
			name = "[CP] Copy Pods Resources";
			outputPaths = (
			);
			runOnlyForDeploymentPostprocessing = 0;
			shellPath = /bin/sh;
			shellScript = "\"${SRCROOT}/Pods/Target Support Files/Pods-PhotoBrowser/Pods-PhotoBrowser-resources.sh\"\n";
			showEnvVarsInLog = 0;
		};
/* End PBXShellScriptBuildPhase section */

/* Begin PBXSourcesBuildPhase section */
		9A48CF881EA06AEB002A4E87 /* Sources */ = {
			isa = PBXSourcesBuildPhase;
			buildActionMask = 2147483647;
			files = (
				9A48CF921EA06AEC002A4E87 /* ViewController.swift in Sources */,
				9A48CFBE1EA06C5C002A4E87 /* UIWindow+Extension.m in Sources */,
				9A48CFC01EA06C5C002A4E87 /* JKActionSheetCell.m in Sources */,
				9A48CFC21EA06C5C002A4E87 /* JKPhotoManager.m in Sources */,
				9A48CFBA1EA06C5C002A4E87 /* JKHUDManager.m in Sources */,
				9A48CF901EA06AEB002A4E87 /* AppDelegate.swift in Sources */,
				9A48CFC31EA06C5C002A4E87 /* JKPhotoModel.m in Sources */,
				9A48CFC11EA06C5C002A4E87 /* JKPhotoCollectionViewCell.m in Sources */,
				9A48CFBD1EA06C5C002A4E87 /* NSObject+GCDDelayTask.m in Sources */,
				9A48CFBF1EA06C5C002A4E87 /* JKActionSheet.m in Sources */,
			);
			runOnlyForDeploymentPostprocessing = 0;
		};
/* End PBXSourcesBuildPhase section */

/* Begin PBXVariantGroup section */
		9A48CF931EA06AEC002A4E87 /* Main.storyboard */ = {
			isa = PBXVariantGroup;
			children = (
				9A48CF941EA06AEC002A4E87 /* Base */,
			);
			name = Main.storyboard;
			sourceTree = "<group>";
		};
		9A48CF981EA06AEC002A4E87 /* LaunchScreen.storyboard */ = {
			isa = PBXVariantGroup;
			children = (
				9A48CF991EA06AEC002A4E87 /* Base */,
			);
			name = LaunchScreen.storyboard;
			sourceTree = "<group>";
		};
/* End PBXVariantGroup section */

/* Begin XCBuildConfiguration section */
		9A48CF9C1EA06AED002A4E87 /* Debug */ = {
			isa = XCBuildConfiguration;
			buildSettings = {
				ALWAYS_SEARCH_USER_PATHS = NO;
				CLANG_ANALYZER_NONNULL = YES;
				CLANG_ANALYZER_NUMBER_OBJECT_CONVERSION = YES_AGGRESSIVE;
				CLANG_CXX_LANGUAGE_STANDARD = "gnu++0x";
				CLANG_CXX_LIBRARY = "libc++";
				CLANG_ENABLE_MODULES = YES;
				CLANG_ENABLE_OBJC_ARC = YES;
				CLANG_WARN_BOOL_CONVERSION = YES;
				CLANG_WARN_CONSTANT_CONVERSION = YES;
				CLANG_WARN_DIRECT_OBJC_ISA_USAGE = YES_ERROR;
				CLANG_WARN_DOCUMENTATION_COMMENTS = YES;
				CLANG_WARN_EMPTY_BODY = YES;
				CLANG_WARN_ENUM_CONVERSION = YES;
				CLANG_WARN_INFINITE_RECURSION = YES;
				CLANG_WARN_INT_CONVERSION = YES;
				CLANG_WARN_OBJC_ROOT_CLASS = YES_ERROR;
				CLANG_WARN_SUSPICIOUS_MOVE = YES;
				CLANG_WARN_UNREACHABLE_CODE = YES;
				CLANG_WARN__DUPLICATE_METHOD_MATCH = YES;
				"CODE_SIGN_IDENTITY[sdk=iphoneos*]" = "iPhone Developer";
				COPY_PHASE_STRIP = NO;
				DEBUG_INFORMATION_FORMAT = dwarf;
				ENABLE_STRICT_OBJC_MSGSEND = YES;
				ENABLE_TESTABILITY = YES;
				GCC_C_LANGUAGE_STANDARD = gnu99;
				GCC_DYNAMIC_NO_PIC = NO;
				GCC_NO_COMMON_BLOCKS = YES;
				GCC_OPTIMIZATION_LEVEL = 0;
				GCC_PREPROCESSOR_DEFINITIONS = (
					"DEBUG=1",
					"$(inherited)",
				);
				GCC_WARN_64_TO_32_BIT_CONVERSION = YES;
				GCC_WARN_ABOUT_RETURN_TYPE = YES_ERROR;
				GCC_WARN_UNDECLARED_SELECTOR = YES;
				GCC_WARN_UNINITIALIZED_AUTOS = YES_AGGRESSIVE;
				GCC_WARN_UNUSED_FUNCTION = YES;
				GCC_WARN_UNUSED_VARIABLE = YES;
				IPHONEOS_DEPLOYMENT_TARGET = 10.3;
				MTL_ENABLE_DEBUG_INFO = YES;
				ONLY_ACTIVE_ARCH = YES;
				SDKROOT = iphoneos;
				SWIFT_ACTIVE_COMPILATION_CONDITIONS = DEBUG;
				SWIFT_OPTIMIZATION_LEVEL = "-Onone";
			};
			name = Debug;
		};
		9A48CF9D1EA06AED002A4E87 /* Release */ = {
			isa = XCBuildConfiguration;
			buildSettings = {
				ALWAYS_SEARCH_USER_PATHS = NO;
				CLANG_ANALYZER_NONNULL = YES;
				CLANG_ANALYZER_NUMBER_OBJECT_CONVERSION = YES_AGGRESSIVE;
				CLANG_CXX_LANGUAGE_STANDARD = "gnu++0x";
				CLANG_CXX_LIBRARY = "libc++";
				CLANG_ENABLE_MODULES = YES;
				CLANG_ENABLE_OBJC_ARC = YES;
				CLANG_WARN_BOOL_CONVERSION = YES;
				CLANG_WARN_CONSTANT_CONVERSION = YES;
				CLANG_WARN_DIRECT_OBJC_ISA_USAGE = YES_ERROR;
				CLANG_WARN_DOCUMENTATION_COMMENTS = YES;
				CLANG_WARN_EMPTY_BODY = YES;
				CLANG_WARN_ENUM_CONVERSION = YES;
				CLANG_WARN_INFINITE_RECURSION = YES;
				CLANG_WARN_INT_CONVERSION = YES;
				CLANG_WARN_OBJC_ROOT_CLASS = YES_ERROR;
				CLANG_WARN_SUSPICIOUS_MOVE = YES;
				CLANG_WARN_UNREACHABLE_CODE = YES;
				CLANG_WARN__DUPLICATE_METHOD_MATCH = YES;
				"CODE_SIGN_IDENTITY[sdk=iphoneos*]" = "iPhone Developer";
				COPY_PHASE_STRIP = NO;
				DEBUG_INFORMATION_FORMAT = "dwarf-with-dsym";
				ENABLE_NS_ASSERTIONS = NO;
				ENABLE_STRICT_OBJC_MSGSEND = YES;
				GCC_C_LANGUAGE_STANDARD = gnu99;
				GCC_NO_COMMON_BLOCKS = YES;
				GCC_WARN_64_TO_32_BIT_CONVERSION = YES;
				GCC_WARN_ABOUT_RETURN_TYPE = YES_ERROR;
				GCC_WARN_UNDECLARED_SELECTOR = YES;
				GCC_WARN_UNINITIALIZED_AUTOS = YES_AGGRESSIVE;
				GCC_WARN_UNUSED_FUNCTION = YES;
				GCC_WARN_UNUSED_VARIABLE = YES;
				IPHONEOS_DEPLOYMENT_TARGET = 10.3;
				MTL_ENABLE_DEBUG_INFO = NO;
				SDKROOT = iphoneos;
				SWIFT_OPTIMIZATION_LEVEL = "-Owholemodule";
				VALIDATE_PRODUCT = YES;
			};
			name = Release;
		};
		9A48CF9F1EA06AED002A4E87 /* Debug */ = {
			isa = XCBuildConfiguration;
			baseConfigurationReference = B9D9A0F5213A6ECA787969E6 /* Pods-PhotoBrowser.debug.xcconfig */;
			buildSettings = {
				ASSETCATALOG_COMPILER_APPICON_NAME = AppIcon;
				INFOPLIST_FILE = PhotoBrowser/Info.plist;
				LD_RUNPATH_SEARCH_PATHS = "$(inherited) @executable_path/Frameworks";
				OTHER_LDFLAGS = (
					"$(inherited)",
					"-framework",
					"\"MBProgressHUD\"",
					"-framework",
					"\"SDWebImage\"",
				);
				OTHER_LIBTOOLFLAGS = "";
				PRODUCT_BUNDLE_IDENTIFIER = cocav.PhotoBrowser;
				PRODUCT_NAME = "$(TARGET_NAME)";
				SWIFT_OBJC_BRIDGING_HEADER = "$(SRCROOT)/PhotoBrowser/Bridge.h";
				SWIFT_VERSION = 3.0;
				WARNING_CFLAGS = (
					"-Wno-nonnull",
					"-Wno-deprecated-declarations",
				);
			};
			name = Debug;
		};
		9A48CFA01EA06AED002A4E87 /* Release */ = {
			isa = XCBuildConfiguration;
			baseConfigurationReference = 236218A5BFEB1A8C666345AF /* Pods-PhotoBrowser.release.xcconfig */;
			buildSettings = {
				ASSETCATALOG_COMPILER_APPICON_NAME = AppIcon;
				INFOPLIST_FILE = PhotoBrowser/Info.plist;
				LD_RUNPATH_SEARCH_PATHS = "$(inherited) @executable_path/Frameworks";
				OTHER_LDFLAGS = (
					"$(inherited)",
					"-framework",
					"\"MBProgressHUD\"",
					"-framework",
					"\"SDWebImage\"",
				);
				OTHER_LIBTOOLFLAGS = "";
				PRODUCT_BUNDLE_IDENTIFIER = cocav.PhotoBrowser;
				PRODUCT_NAME = "$(TARGET_NAME)";
				SWIFT_OBJC_BRIDGING_HEADER = "$(SRCROOT)/PhotoBrowser/Bridge.h";
				SWIFT_VERSION = 3.0;
				WARNING_CFLAGS = (
					"-Wno-nonnull",
					"-Wno-deprecated-declarations",
				);
			};
			name = Release;
		};
/* End XCBuildConfiguration section */

/* Begin XCConfigurationList section */
		9A48CF871EA06AEB002A4E87 /* Build configuration list for PBXProject "PhotoBrowser" */ = {
			isa = XCConfigurationList;
			buildConfigurations = (
				9A48CF9C1EA06AED002A4E87 /* Debug */,
				9A48CF9D1EA06AED002A4E87 /* Release */,
			);
			defaultConfigurationIsVisible = 0;
			defaultConfigurationName = Release;
		};
		9A48CF9E1EA06AED002A4E87 /* Build configuration list for PBXNativeTarget "PhotoBrowser" */ = {
			isa = XCConfigurationList;
			buildConfigurations = (
				9A48CF9F1EA06AED002A4E87 /* Debug */,
				9A48CFA01EA06AED002A4E87 /* Release */,
			);
			defaultConfigurationIsVisible = 0;
			defaultConfigurationName = Release;
		};
/* End XCConfigurationList section */
	};
	rootObject = 9A48CF841EA06AEB002A4E87 /* Project object */;
}
