// !$*UTF8*$!
{
	archiveVersion = 1;
	classes = {
	};
	objectVersion = 46;
	objects = {

/* Begin PBXBuildFile section */
		9A1893551D4B342E00F34515 /* AppDelegate.swift in Sources */ = {isa = PBXBuildFile; fileRef = 9A1893541D4B342E00F34515 /* AppDelegate.swift */; };
		9A1893571D4B342E00F34515 /* ViewController.swift in Sources */ = {isa = PBXBuildFile; fileRef = 9A1893561D4B342E00F34515 /* ViewController.swift */; };
		9A18935A1D4B342E00F34515 /* Main.storyboard in Resources */ = {isa = PBXBuildFile; fileRef = 9A1893581D4B342E00F34515 /* Main.storyboard */; };
		9A18935C1D4B342E00F34515 /* Assets.xcassets in Resources */ = {isa = PBXBuildFile; fileRef = 9A18935B1D4B342E00F34515 /* Assets.xcassets */; };
		9A18935F1D4B342E00F34515 /* LaunchScreen.storyboard in Resources */ = {isa = PBXBuildFile; fileRef = 9A18935D1D4B342E00F34515 /* LaunchScreen.storyboard */; };
		9A1893691D4B347A00F34515 /* TableViewCell.swift in Sources */ = {isa = PBXBuildFile; fileRef = 9A1893681D4B347A00F34515 /* TableViewCell.swift */; };
		9A18936B1D4B349C00F34515 /* HeaderView.swift in Sources */ = {isa = PBXBuildFile; fileRef = 9A18936A1D4B349C00F34515 /* HeaderView.swift */; };
		9A18936D1D4B34BF00F34515 /* CellModel.swift in Sources */ = {isa = PBXBuildFile; fileRef = 9A18936C1D4B34BF00F34515 /* CellModel.swift */; };
		9A18936F1D4B34CF00F34515 /* SectionModel.swift in Sources */ = {isa = PBXBuildFile; fileRef = 9A18936E1D4B34CF00F34515 /* SectionModel.swift */; };
/* End PBXBuildFile section */

/* Begin PBXFileReference section */
		9A1893511D4B342E00F34515 /* FoldTableView.app */ = {isa = PBXFileReference; explicitFileType = wrapper.application; includeInIndex = 0; path = FoldTableView.app; sourceTree = BUILT_PRODUCTS_DIR; };
		9A1893541D4B342E00F34515 /* AppDelegate.swift */ = {isa = PBXFileReference; lastKnownFileType = sourcecode.swift; path = AppDelegate.swift; sourceTree = "<group>"; };
		9A1893561D4B342E00F34515 /* ViewController.swift */ = {isa = PBXFileReference; lastKnownFileType = sourcecode.swift; path = ViewController.swift; sourceTree = "<group>"; };
		9A1893591D4B342E00F34515 /* Base */ = {isa = PBXFileReference; lastKnownFileType = file.storyboard; name = Base; path = Base.lproj/Main.storyboard; sourceTree = "<group>"; };
		9A18935B1D4B342E00F34515 /* Assets.xcassets */ = {isa = PBXFileReference; lastKnownFileType = folder.assetcatalog; path = Assets.xcassets; sourceTree = "<group>"; };
		9A18935E1D4B342E00F34515 /* Base */ = {isa = PBXFileReference; lastKnownFileType = file.storyboard; name = Base; path = Base.lproj/LaunchScreen.storyboard; sourceTree = "<group>"; };
		9A1893601D4B342E00F34515 /* Info.plist */ = {isa = PBXFileReference; lastKnownFileType = text.plist.xml; path = Info.plist; sourceTree = "<group>"; };
		9A1893681D4B347A00F34515 /* TableViewCell.swift */ = {isa = PBXFileReference; fileEncoding = 4; lastKnownFileType = sourcecode.swift; name = TableViewCell.swift; path = ../Models/TableViewCell.swift; sourceTree = "<group>"; };
		9A18936A1D4B349C00F34515 /* HeaderView.swift */ = {isa = PBXFileReference; fileEncoding = 4; lastKnownFileType = sourcecode.swift; name = HeaderView.swift; path = ../Models/HeaderView.swift; sourceTree = "<group>"; };
		9A18936C1D4B34BF00F34515 /* CellModel.swift */ = {isa = PBXFileReference; fileEncoding = 4; lastKnownFileType = sourcecode.swift; path = CellModel.swift; sourceTree = "<group>"; };
		9A18936E1D4B34CF00F34515 /* SectionModel.swift */ = {isa = PBXFileReference; fileEncoding = 4; lastKnownFileType = sourcecode.swift; path = SectionModel.swift; sourceTree = "<group>"; };
/* End PBXFileReference section */

/* Begin PBXFrameworksBuildPhase section */
		9A18934E1D4B342E00F34515 /* Frameworks */ = {
			isa = PBXFrameworksBuildPhase;
			buildActionMask = 2147483647;
			files = (
			);
			runOnlyForDeploymentPostprocessing = 0;
		};
/* End PBXFrameworksBuildPhase section */

/* Begin PBXGroup section */
		9A1893481D4B342E00F34515 = {
			isa = PBXGroup;
			children = (
				9A1893531D4B342E00F34515 /* FoldTableView */,
				9A1893521D4B342E00F34515 /* Products */,
			);
			sourceTree = "<group>";
		};
		9A1893521D4B342E00F34515 /* Products */ = {
			isa = PBXGroup;
			children = (
				9A1893511D4B342E00F34515 /* FoldTableView.app */,
			);
			name = Products;
			sourceTree = "<group>";
		};
		9A1893531D4B342E00F34515 /* FoldTableView */ = {
			isa = PBXGroup;
			children = (
				9A1893661D4B346A00F34515 /* Models */,
				9A1893671D4B346A00F34515 /* Views */,
				9A1893541D4B342E00F34515 /* AppDelegate.swift */,
				9A1893561D4B342E00F34515 /* ViewController.swift */,
				9A1893581D4B342E00F34515 /* Main.storyboard */,
				9A18935B1D4B342E00F34515 /* Assets.xcassets */,
				9A18935D1D4B342E00F34515 /* LaunchScreen.storyboard */,
				9A1893601D4B342E00F34515 /* Info.plist */,
			);
			path = FoldTableView;
			sourceTree = "<group>";
		};
		9A1893661D4B346A00F34515 /* Models */ = {
			isa = PBXGroup;
			children = (
				9A18936C1D4B34BF00F34515 /* CellModel.swift */,
				9A18936E1D4B34CF00F34515 /* SectionModel.swift */,
			);
			path = Models;
			sourceTree = "<group>";
		};
		9A1893671D4B346A00F34515 /* Views */ = {
			isa = PBXGroup;
			children = (
				9A1893681D4B347A00F34515 /* TableViewCell.swift */,
				9A18936A1D4B349C00F34515 /* HeaderView.swift */,
			);
			path = Views;
			sourceTree = "<group>";
		};
/* End PBXGroup section */

/* Begin PBXNativeTarget section */
		9A1893501D4B342E00F34515 /* FoldTableView */ = {
			isa = PBXNativeTarget;
			buildConfigurationList = 9A1893631D4B342E00F34515 /* Build configuration list for PBXNativeTarget "FoldTableView" */;
			buildPhases = (
				9A18934D1D4B342E00F34515 /* Sources */,
				9A18934E1D4B342E00F34515 /* Frameworks */,
				9A18934F1D4B342E00F34515 /* Resources */,
			);
			buildRules = (
			);
			dependencies = (
			);
			name = FoldTableView;
			productName = FoldTableView;
			productReference = 9A1893511D4B342E00F34515 /* FoldTableView.app */;
			productType = "com.apple.product-type.application";
		};
/* End PBXNativeTarget section */

/* Begin PBXProject section */
		9A1893491D4B342E00F34515 /* Project object */ = {
			isa = PBXProject;
			attributes = {
				LastSwiftUpdateCheck = 0730;
				LastUpgradeCheck = 0730;
				ORGANIZATIONNAME = Cocav;
				TargetAttributes = {
					9A1893501D4B342E00F34515 = {
						CreatedOnToolsVersion = 7.3.1;
						LastSwiftMigration = 0800;
					};
				};
			};
			buildConfigurationList = 9A18934C1D4B342E00F34515 /* Build configuration list for PBXProject "FoldTableView" */;
			compatibilityVersion = "Xcode 3.2";
			developmentRegion = English;
			hasScannedForEncodings = 0;
			knownRegions = (
				en,
				Base,
			);
			mainGroup = 9A1893481D4B342E00F34515;
			productRefGroup = 9A1893521D4B342E00F34515 /* Products */;
			projectDirPath = "";
			projectRoot = "";
			targets = (
				9A1893501D4B342E00F34515 /* FoldTableView */,
			);
		};
/* End PBXProject section */

/* Begin PBXResourcesBuildPhase section */
		9A18934F1D4B342E00F34515 /* Resources */ = {
			isa = PBXResourcesBuildPhase;
			buildActionMask = 2147483647;
			files = (
				9A18935F1D4B342E00F34515 /* LaunchScreen.storyboard in Resources */,
				9A18935C1D4B342E00F34515 /* Assets.xcassets in Resources */,
				9A18935A1D4B342E00F34515 /* Main.storyboard in Resources */,
			);
			runOnlyForDeploymentPostprocessing = 0;
		};
/* End PBXResourcesBuildPhase section */

/* Begin PBXSourcesBuildPhase section */
		9A18934D1D4B342E00F34515 /* Sources */ = {
			isa = PBXSourcesBuildPhase;
			buildActionMask = 2147483647;
			files = (
				9A1893691D4B347A00F34515 /* TableViewCell.swift in Sources */,
				9A1893571D4B342E00F34515 /* ViewController.swift in Sources */,
				9A1893551D4B342E00F34515 /* AppDelegate.swift in Sources */,
				9A18936D1D4B34BF00F34515 /* CellModel.swift in Sources */,
				9A18936B1D4B349C00F34515 /* HeaderView.swift in Sources */,
				9A18936F1D4B34CF00F34515 /* SectionModel.swift in Sources */,
			);
			runOnlyForDeploymentPostprocessing = 0;
		};
/* End PBXSourcesBuildPhase section */

/* Begin PBXVariantGroup section */
		9A1893581D4B342E00F34515 /* Main.storyboard */ = {
			isa = PBXVariantGroup;
			children = (
				9A1893591D4B342E00F34515 /* Base */,
			);
			name = Main.storyboard;
			sourceTree = "<group>";
		};
		9A18935D1D4B342E00F34515 /* LaunchScreen.storyboard */ = {
			isa = PBXVariantGroup;
			children = (
				9A18935E1D4B342E00F34515 /* Base */,
			);
			name = LaunchScreen.storyboard;
			sourceTree = "<group>";
		};
/* End PBXVariantGroup section */

/* Begin XCBuildConfiguration section */
		9A1893611D4B342E00F34515 /* Debug */ = {
			isa = XCBuildConfiguration;
			buildSettings = {
				ALWAYS_SEARCH_USER_PATHS = NO;
				CLANG_ANALYZER_NONNULL = YES;
				CLANG_CXX_LANGUAGE_STANDARD = "gnu++0x";
				CLANG_CXX_LIBRARY = "libc++";
				CLANG_ENABLE_MODULES = YES;
				CLANG_ENABLE_OBJC_ARC = YES;
				CLANG_WARN_BOOL_CONVERSION = YES;
				CLANG_WARN_CONSTANT_CONVERSION = YES;
				CLANG_WARN_DIRECT_OBJC_ISA_USAGE = YES_ERROR;
				CLANG_WARN_EMPTY_BODY = YES;
				CLANG_WARN_ENUM_CONVERSION = YES;
				CLANG_WARN_INT_CONVERSION = YES;
				CLANG_WARN_OBJC_ROOT_CLASS = YES_ERROR;
				CLANG_WARN_UNREACHABLE_CODE = YES;
				CLANG_WARN__DUPLICATE_METHOD_MATCH = YES;
				"CODE_SIGN_IDENTITY[sdk=iphoneos*]" = "iPhone Developer";
				COPY_PHASE_STRIP = NO;
				DEBUG_INFORMATION_FORMAT = dwarf;
				ENABLE_STRICT_OBJC_MSGSEND = YES;
				ENABLE_TESTABILITY = YES;
				GCC_C_LANGUAGE_STANDARD = gnu99;
				GCC_DYNAMIC_NO_PIC = NO;
				GCC_NO_COMMON_BLOCKS = YES;
				GCC_OPTIMIZATION_LEVEL = 0;
				GCC_PREPROCESSOR_DEFINITIONS = (
					"DEBUG=1",
					"$(inherited)",
				);
				GCC_WARN_64_TO_32_BIT_CONVERSION = YES;
				GCC_WARN_ABOUT_RETURN_TYPE = YES_ERROR;
				GCC_WARN_UNDECLARED_SELECTOR = YES;
				GCC_WARN_UNINITIALIZED_AUTOS = YES_AGGRESSIVE;
				GCC_WARN_UNUSED_FUNCTION = YES;
				GCC_WARN_UNUSED_VARIABLE = YES;
				IPHONEOS_DEPLOYMENT_TARGET = 9.3;
				MTL_ENABLE_DEBUG_INFO = YES;
				ONLY_ACTIVE_ARCH = YES;
				SDKROOT = iphoneos;
				SWIFT_OPTIMIZATION_LEVEL = "-Onone";
			};
			name = Debug;
		};
		9A1893621D4B342E00F34515 /* Release */ = {
			isa = XCBuildConfiguration;
			buildSettings = {
				ALWAYS_SEARCH_USER_PATHS = NO;
				CLANG_ANALYZER_NONNULL = YES;
				CLANG_CXX_LANGUAGE_STANDARD = "gnu++0x";
				CLANG_CXX_LIBRARY = "libc++";
				CLANG_ENABLE_MODULES = YES;
				CLANG_ENABLE_OBJC_ARC = YES;
				CLANG_WARN_BOOL_CONVERSION = YES;
				CLANG_WARN_CONSTANT_CONVERSION = YES;
				CLANG_WARN_DIRECT_OBJC_ISA_USAGE = YES_ERROR;
				CLANG_WARN_EMPTY_BODY = YES;
				CLANG_WARN_ENUM_CONVERSION = YES;
				CLANG_WARN_INT_CONVERSION = YES;
				CLANG_WARN_OBJC_ROOT_CLASS = YES_ERROR;
				CLANG_WARN_UNREACHABLE_CODE = YES;
				CLANG_WARN__DUPLICATE_METHOD_MATCH = YES;
				"CODE_SIGN_IDENTITY[sdk=iphoneos*]" = "iPhone Developer";
				COPY_PHASE_STRIP = NO;
				DEBUG_INFORMATION_FORMAT = "dwarf-with-dsym";
				ENABLE_NS_ASSERTIONS = NO;
				ENABLE_STRICT_OBJC_MSGSEND = YES;
				GCC_C_LANGUAGE_STANDARD = gnu99;
				GCC_NO_COMMON_BLOCKS = YES;
				GCC_WARN_64_TO_32_BIT_CONVERSION = YES;
				GCC_WARN_ABOUT_RETURN_TYPE = YES_ERROR;
				GCC_WARN_UNDECLARED_SELECTOR = YES;
				GCC_WARN_UNINITIALIZED_AUTOS = YES_AGGRESSIVE;
				GCC_WARN_UNUSED_FUNCTION = YES;
				GCC_WARN_UNUSED_VARIABLE = YES;
				IPHONEOS_DEPLOYMENT_TARGET = 9.3;
				MTL_ENABLE_DEBUG_INFO = NO;
				SDKROOT = iphoneos;
				VALIDATE_PRODUCT = YES;
			};
			name = Release;
		};
		9A1893641D4B342E00F34515 /* Debug */ = {
			isa = XCBuildConfiguration;
			buildSettings = {
				ASSETCATALOG_COMPILER_APPICON_NAME = AppIcon;
				INFOPLIST_FILE = FoldTableView/Info.plist;
				LD_RUNPATH_SEARCH_PATHS = "$(inherited) @executable_path/Frameworks";
				PRODUCT_BUNDLE_IDENTIFIER = com.cocav.FoldTableView;
				PRODUCT_NAME = "$(TARGET_NAME)";
				SWIFT_VERSION = 3.0;
			};
			name = Debug;
		};
		9A1893651D4B342E00F34515 /* Release */ = {
			isa = XCBuildConfiguration;
			buildSettings = {
				ASSETCATALOG_COMPILER_APPICON_NAME = AppIcon;
				INFOPLIST_FILE = FoldTableView/Info.plist;
				LD_RUNPATH_SEARCH_PATHS = "$(inherited) @executable_path/Frameworks";
				PRODUCT_BUNDLE_IDENTIFIER = com.cocav.FoldTableView;
				PRODUCT_NAME = "$(TARGET_NAME)";
				SWIFT_VERSION = 3.0;
			};
			name = Release;
		};
/* End XCBuildConfiguration section */

/* Begin XCConfigurationList section */
		9A18934C1D4B342E00F34515 /* Build configuration list for PBXProject "FoldTableView" */ = {
			isa = XCConfigurationList;
			buildConfigurations = (
				9A1893611D4B342E00F34515 /* Debug */,
				9A1893621D4B342E00F34515 /* Release */,
			);
			defaultConfigurationIsVisible = 0;
			defaultConfigurationName = Release;
		};
		9A1893631D4B342E00F34515 /* Build configuration list for PBXNativeTarget "FoldTableView" */ = {
			isa = XCConfigurationList;
			buildConfigurations = (
				9A1893641D4B342E00F34515 /* Debug */,
				9A1893651D4B342E00F34515 /* Release */,
			);
			defaultConfigurationIsVisible = 0;
			defaultConfigurationName = Release;
		};
/* End XCConfigurationList section */
	};
	rootObject = 9A1893491D4B342E00F34515 /* Project object */;
}
