// !$*UTF8*$!
{
	archiveVersion = 1;
	classes = {
	};
	objectVersion = 46;
	objects = {

/* Begin PBXBuildFile section */
		9AE007001D48AA5600C42D72 /* AppDelegate.swift in Sources */ = {isa = PBXBuildFile; fileRef = 9AE006FF1D48AA5600C42D72 /* AppDelegate.swift */; };
		9AE007021D48AA5600C42D72 /* ViewController.swift in Sources */ = {isa = PBXBuildFile; fileRef = 9AE007011D48AA5600C42D72 /* ViewController.swift */; };
		9AE007051D48AA5600C42D72 /* Main.storyboard in Resources */ = {isa = PBXBuildFile; fileRef = 9AE007031D48AA5600C42D72 /* Main.storyboard */; };
		9AE007071D48AA5600C42D72 /* Assets.xcassets in Resources */ = {isa = PBXBuildFile; fileRef = 9AE007061D48AA5600C42D72 /* Assets.xcassets */; };
		9AE0070A1D48AA5600C42D72 /* LaunchScreen.storyboard in Resources */ = {isa = PBXBuildFile; fileRef = 9AE007081D48AA5600C42D72 /* LaunchScreen.storyboard */; };
		9AE007131D48AA8900C42D72 /* SFTextField.swift in Sources */ = {isa = PBXBuildFile; fileRef = 9AE007121D48AA8900C42D72 /* SFTextField.swift */; };
/* End PBXBuildFile section */

/* Begin PBXFileReference section */
		9AE006FC1D48AA5500C42D72 /* SFTextField.app */ = {isa = PBXFileReference; explicitFileType = wrapper.application; includeInIndex = 0; path = SFTextField.app; sourceTree = BUILT_PRODUCTS_DIR; };
		9AE006FF1D48AA5600C42D72 /* AppDelegate.swift */ = {isa = PBXFileReference; lastKnownFileType = sourcecode.swift; path = AppDelegate.swift; sourceTree = "<group>"; };
		9AE007011D48AA5600C42D72 /* ViewController.swift */ = {isa = PBXFileReference; lastKnownFileType = sourcecode.swift; path = ViewController.swift; sourceTree = "<group>"; };
		9AE007041D48AA5600C42D72 /* Base */ = {isa = PBXFileReference; lastKnownFileType = file.storyboard; name = Base; path = Base.lproj/Main.storyboard; sourceTree = "<group>"; };
		9AE007061D48AA5600C42D72 /* Assets.xcassets */ = {isa = PBXFileReference; lastKnownFileType = folder.assetcatalog; path = Assets.xcassets; sourceTree = "<group>"; };
		9AE007091D48AA5600C42D72 /* Base */ = {isa = PBXFileReference; lastKnownFileType = file.storyboard; name = Base; path = Base.lproj/LaunchScreen.storyboard; sourceTree = "<group>"; };
		9AE0070B1D48AA5600C42D72 /* Info.plist */ = {isa = PBXFileReference; lastKnownFileType = text.plist.xml; path = Info.plist; sourceTree = "<group>"; };
		9AE007121D48AA8900C42D72 /* SFTextField.swift */ = {isa = PBXFileReference; fileEncoding = 4; lastKnownFileType = sourcecode.swift; path = SFTextField.swift; sourceTree = "<group>"; };
/* End PBXFileReference section */

/* Begin PBXFrameworksBuildPhase section */
		9AE006F91D48AA5500C42D72 /* Frameworks */ = {
			isa = PBXFrameworksBuildPhase;
			buildActionMask = 2147483647;
			files = (
			);
			runOnlyForDeploymentPostprocessing = 0;
		};
/* End PBXFrameworksBuildPhase section */

/* Begin PBXGroup section */
		9AE006F31D48AA5500C42D72 = {
			isa = PBXGroup;
			children = (
				9AE006FE1D48AA5600C42D72 /* SFTextField */,
				9AE006FD1D48AA5500C42D72 /* Products */,
			);
			sourceTree = "<group>";
		};
		9AE006FD1D48AA5500C42D72 /* Products */ = {
			isa = PBXGroup;
			children = (
				9AE006FC1D48AA5500C42D72 /* SFTextField.app */,
			);
			name = Products;
			sourceTree = "<group>";
		};
		9AE006FE1D48AA5600C42D72 /* SFTextField */ = {
			isa = PBXGroup;
			children = (
				9AE007111D48AA7100C42D72 /* Lib */,
				9AE006FF1D48AA5600C42D72 /* AppDelegate.swift */,
				9AE007011D48AA5600C42D72 /* ViewController.swift */,
				9AE007031D48AA5600C42D72 /* Main.storyboard */,
				9AE007061D48AA5600C42D72 /* Assets.xcassets */,
				9AE007081D48AA5600C42D72 /* LaunchScreen.storyboard */,
				9AE0070B1D48AA5600C42D72 /* Info.plist */,
			);
			path = SFTextField;
			sourceTree = "<group>";
		};
		9AE007111D48AA7100C42D72 /* Lib */ = {
			isa = PBXGroup;
			children = (
				9AE007121D48AA8900C42D72 /* SFTextField.swift */,
			);
			path = Lib;
			sourceTree = "<group>";
		};
/* End PBXGroup section */

/* Begin PBXNativeTarget section */
		9AE006FB1D48AA5500C42D72 /* SFTextField */ = {
			isa = PBXNativeTarget;
			buildConfigurationList = 9AE0070E1D48AA5600C42D72 /* Build configuration list for PBXNativeTarget "SFTextField" */;
			buildPhases = (
				9AE006F81D48AA5500C42D72 /* Sources */,
				9AE006F91D48AA5500C42D72 /* Frameworks */,
				9AE006FA1D48AA5500C42D72 /* Resources */,
			);
			buildRules = (
			);
			dependencies = (
			);
			name = SFTextField;
			productName = SFTextField;
			productReference = 9AE006FC1D48AA5500C42D72 /* SFTextField.app */;
			productType = "com.apple.product-type.application";
		};
/* End PBXNativeTarget section */

/* Begin PBXProject section */
		9AE006F41D48AA5500C42D72 /* Project object */ = {
			isa = PBXProject;
			attributes = {
				LastSwiftUpdateCheck = 0730;
				LastUpgradeCheck = 0920;
				ORGANIZATIONNAME = Cocav;
				TargetAttributes = {
					9AE006FB1D48AA5500C42D72 = {
						CreatedOnToolsVersion = 7.3.1;
						LastSwiftMigration = 0920;
					};
				};
			};
			buildConfigurationList = 9AE006F71D48AA5500C42D72 /* Build configuration list for PBXProject "SFTextField" */;
			compatibilityVersion = "Xcode 3.2";
			developmentRegion = English;
			hasScannedForEncodings = 0;
			knownRegions = (
				en,
				Base,
			);
			mainGroup = 9AE006F31D48AA5500C42D72;
			productRefGroup = 9AE006FD1D48AA5500C42D72 /* Products */;
			projectDirPath = "";
			projectRoot = "";
			targets = (
				9AE006FB1D48AA5500C42D72 /* SFTextField */,
			);
		};
/* End PBXProject section */

/* Begin PBXResourcesBuildPhase section */
		9AE006FA1D48AA5500C42D72 /* Resources */ = {
			isa = PBXResourcesBuildPhase;
			buildActionMask = 2147483647;
			files = (
				9AE0070A1D48AA5600C42D72 /* LaunchScreen.storyboard in Resources */,
				9AE007071D48AA5600C42D72 /* Assets.xcassets in Resources */,
				9AE007051D48AA5600C42D72 /* Main.storyboard in Resources */,
			);
			runOnlyForDeploymentPostprocessing = 0;
		};
/* End PBXResourcesBuildPhase section */

/* Begin PBXSourcesBuildPhase section */
		9AE006F81D48AA5500C42D72 /* Sources */ = {
			isa = PBXSourcesBuildPhase;
			buildActionMask = 2147483647;
			files = (
				9AE007021D48AA5600C42D72 /* ViewController.swift in Sources */,
				9AE007001D48AA5600C42D72 /* AppDelegate.swift in Sources */,
				9AE007131D48AA8900C42D72 /* SFTextField.swift in Sources */,
			);
			runOnlyForDeploymentPostprocessing = 0;
		};
/* End PBXSourcesBuildPhase section */

/* Begin PBXVariantGroup section */
		9AE007031D48AA5600C42D72 /* Main.storyboard */ = {
			isa = PBXVariantGroup;
			children = (
				9AE007041D48AA5600C42D72 /* Base */,
			);
			name = Main.storyboard;
			sourceTree = "<group>";
		};
		9AE007081D48AA5600C42D72 /* LaunchScreen.storyboard */ = {
			isa = PBXVariantGroup;
			children = (
				9AE007091D48AA5600C42D72 /* Base */,
			);
			name = LaunchScreen.storyboard;
			sourceTree = "<group>";
		};
/* End PBXVariantGroup section */

/* Begin XCBuildConfiguration section */
		9AE0070C1D48AA5600C42D72 /* Debug */ = {
			isa = XCBuildConfiguration;
			buildSettings = {
				ALWAYS_SEARCH_USER_PATHS = NO;
				CLANG_ANALYZER_NONNULL = YES;
				CLANG_CXX_LANGUAGE_STANDARD = "gnu++0x";
				CLANG_CXX_LIBRARY = "libc++";
				CLANG_ENABLE_MODULES = YES;
				CLANG_ENABLE_OBJC_ARC = YES;
				CLANG_WARN_BLOCK_CAPTURE_AUTORELEASING = YES;
				CLANG_WARN_BOOL_CONVERSION = YES;
				CLANG_WARN_COMMA = YES;
				CLANG_WARN_CONSTANT_CONVERSION = YES;
				CLANG_WARN_DIRECT_OBJC_ISA_USAGE = YES_ERROR;
				CLANG_WARN_EMPTY_BODY = YES;
				CLANG_WARN_ENUM_CONVERSION = YES;
				CLANG_WARN_INFINITE_RECURSION = YES;
				CLANG_WARN_INT_CONVERSION = YES;
				CLANG_WARN_NON_LITERAL_NULL_CONVERSION = YES;
				CLANG_WARN_OBJC_LITERAL_CONVERSION = YES;
				CLANG_WARN_OBJC_ROOT_CLASS = YES_ERROR;
				CLANG_WARN_RANGE_LOOP_ANALYSIS = YES;
				CLANG_WARN_STRICT_PROTOTYPES = YES;
				CLANG_WARN_SUSPICIOUS_MOVE = YES;
				CLANG_WARN_UNREACHABLE_CODE = YES;
				CLANG_WARN__DUPLICATE_METHOD_MATCH = YES;
				"CODE_SIGN_IDENTITY[sdk=iphoneos*]" = "iPhone Developer";
				COPY_PHASE_STRIP = NO;
				DEBUG_INFORMATION_FORMAT = dwarf;
				ENABLE_STRICT_OBJC_MSGSEND = YES;
				ENABLE_TESTABILITY = YES;
				GCC_C_LANGUAGE_STANDARD = gnu99;
				GCC_DYNAMIC_NO_PIC = NO;
				GCC_NO_COMMON_BLOCKS = YES;
				GCC_OPTIMIZATION_LEVEL = 0;
				GCC_PREPROCESSOR_DEFINITIONS = (
					"DEBUG=1",
					"$(inherited)",
				);
				GCC_WARN_64_TO_32_BIT_CONVERSION = YES;
				GCC_WARN_ABOUT_RETURN_TYPE = YES_ERROR;
				GCC_WARN_UNDECLARED_SELECTOR = YES;
				GCC_WARN_UNINITIALIZED_AUTOS = YES_AGGRESSIVE;
				GCC_WARN_UNUSED_FUNCTION = YES;
				GCC_WARN_UNUSED_VARIABLE = YES;
				IPHONEOS_DEPLOYMENT_TARGET = 9.3;
				MTL_ENABLE_DEBUG_INFO = YES;
				ONLY_ACTIVE_ARCH = YES;
				SDKROOT = iphoneos;
				SWIFT_OPTIMIZATION_LEVEL = "-Onone";
			};
			name = Debug;
		};
		9AE0070D1D48AA5600C42D72 /* Release */ = {
			isa = XCBuildConfiguration;
			buildSettings = {
				ALWAYS_SEARCH_USER_PATHS = NO;
				CLANG_ANALYZER_NONNULL = YES;
				CLANG_CXX_LANGUAGE_STANDARD = "gnu++0x";
				CLANG_CXX_LIBRARY = "libc++";
				CLANG_ENABLE_MODULES = YES;
				CLANG_ENABLE_OBJC_ARC = YES;
				CLANG_WARN_BLOCK_CAPTURE_AUTORELEASING = YES;
				CLANG_WARN_BOOL_CONVERSION = YES;
				CLANG_WARN_COMMA = YES;
				CLANG_WARN_CONSTANT_CONVERSION = YES;
				CLANG_WARN_DIRECT_OBJC_ISA_USAGE = YES_ERROR;
				CLANG_WARN_EMPTY_BODY = YES;
				CLANG_WARN_ENUM_CONVERSION = YES;
				CLANG_WARN_INFINITE_RECURSION = YES;
				CLANG_WARN_INT_CONVERSION = YES;
				CLANG_WARN_NON_LITERAL_NULL_CONVERSION = YES;
				CLANG_WARN_OBJC_LITERAL_CONVERSION = YES;
				CLANG_WARN_OBJC_ROOT_CLASS = YES_ERROR;
				CLANG_WARN_RANGE_LOOP_ANALYSIS = YES;
				CLANG_WARN_STRICT_PROTOTYPES = YES;
				CLANG_WARN_SUSPICIOUS_MOVE = YES;
				CLANG_WARN_UNREACHABLE_CODE = YES;
				CLANG_WARN__DUPLICATE_METHOD_MATCH = YES;
				"CODE_SIGN_IDENTITY[sdk=iphoneos*]" = "iPhone Developer";
				COPY_PHASE_STRIP = NO;
				DEBUG_INFORMATION_FORMAT = "dwarf-with-dsym";
				ENABLE_NS_ASSERTIONS = NO;
				ENABLE_STRICT_OBJC_MSGSEND = YES;
				GCC_C_LANGUAGE_STANDARD = gnu99;
				GCC_NO_COMMON_BLOCKS = YES;
				GCC_WARN_64_TO_32_BIT_CONVERSION = YES;
				GCC_WARN_ABOUT_RETURN_TYPE = YES_ERROR;
				GCC_WARN_UNDECLARED_SELECTOR = YES;
				GCC_WARN_UNINITIALIZED_AUTOS = YES_AGGRESSIVE;
				GCC_WARN_UNUSED_FUNCTION = YES;
				GCC_WARN_UNUSED_VARIABLE = YES;
				IPHONEOS_DEPLOYMENT_TARGET = 9.3;
				MTL_ENABLE_DEBUG_INFO = NO;
				SDKROOT = iphoneos;
				SWIFT_OPTIMIZATION_LEVEL = "-Owholemodule";
				VALIDATE_PRODUCT = YES;
			};
			name = Release;
		};
		9AE0070F1D48AA5600C42D72 /* Debug */ = {
			isa = XCBuildConfiguration;
			buildSettings = {
				ASSETCATALOG_COMPILER_APPICON_NAME = AppIcon;
				INFOPLIST_FILE = SFTextField/Info.plist;
				LD_RUNPATH_SEARCH_PATHS = "$(inherited) @executable_path/Frameworks";
				PRODUCT_BUNDLE_IDENTIFIER = com.cocav.SFTextField;
				PRODUCT_NAME = "$(TARGET_NAME)";
				SWIFT_SWIFT3_OBJC_INFERENCE = Default;
				SWIFT_VERSION = 4.0;
			};
			name = Debug;
		};
		9AE007101D48AA5600C42D72 /* Release */ = {
			isa = XCBuildConfiguration;
			buildSettings = {
				ASSETCATALOG_COMPILER_APPICON_NAME = AppIcon;
				INFOPLIST_FILE = SFTextField/Info.plist;
				LD_RUNPATH_SEARCH_PATHS = "$(inherited) @executable_path/Frameworks";
				PRODUCT_BUNDLE_IDENTIFIER = com.cocav.SFTextField;
				PRODUCT_NAME = "$(TARGET_NAME)";
				SWIFT_SWIFT3_OBJC_INFERENCE = Default;
				SWIFT_VERSION = 4.0;
			};
			name = Release;
		};
/* End XCBuildConfiguration section */

/* Begin XCConfigurationList section */
		9AE006F71D48AA5500C42D72 /* Build configuration list for PBXProject "SFTextField" */ = {
			isa = XCConfigurationList;
			buildConfigurations = (
				9AE0070C1D48AA5600C42D72 /* Debug */,
				9AE0070D1D48AA5600C42D72 /* Release */,
			);
			defaultConfigurationIsVisible = 0;
			defaultConfigurationName = Release;
		};
		9AE0070E1D48AA5600C42D72 /* Build configuration list for PBXNativeTarget "SFTextField" */ = {
			isa = XCConfigurationList;
			buildConfigurations = (
				9AE0070F1D48AA5600C42D72 /* Debug */,
				9AE007101D48AA5600C42D72 /* Release */,
			);
			defaultConfigurationIsVisible = 0;
			defaultConfigurationName = Release;
		};
/* End XCConfigurationList section */
	};
	rootObject = 9AE006F41D48AA5500C42D72 /* Project object */;
}
