// !$*UTF8*$!
{
	archiveVersion = 1;
	classes = {
	};
	objectVersion = 46;
	objects = {

/* Begin PBXBuildFile section */
		9A0E8C311E28CF1C00CCE2E0 /* AppDelegate.swift in Sources */ = {isa = PBXBuildFile; fileRef = 9A0E8C301E28CF1C00CCE2E0 /* AppDelegate.swift */; };
		9A0E8C331E28CF1C00CCE2E0 /* ViewController.swift in Sources */ = {isa = PBXBuildFile; fileRef = 9A0E8C321E28CF1C00CCE2E0 /* ViewController.swift */; };
		9A0E8C361E28CF1D00CCE2E0 /* Main.storyboard in Resources */ = {isa = PBXBuildFile; fileRef = 9A0E8C341E28CF1D00CCE2E0 /* Main.storyboard */; };
		9A0E8C381E28CF1D00CCE2E0 /* Assets.xcassets in Resources */ = {isa = PBXBuildFile; fileRef = 9A0E8C371E28CF1D00CCE2E0 /* Assets.xcassets */; };
		9A0E8C3B1E28CF1D00CCE2E0 /* LaunchScreen.storyboard in Resources */ = {isa = PBXBuildFile; fileRef = 9A0E8C391E28CF1D00CCE2E0 /* LaunchScreen.storyboard */; };
/* End PBXBuildFile section */

/* Begin PBXFileReference section */
		9A0E8C2D1E28CF1C00CCE2E0 /* SearchHelight.app */ = {isa = PBXFileReference; explicitFileType = wrapper.application; includeInIndex = 0; path = SearchHelight.app; sourceTree = BUILT_PRODUCTS_DIR; };
		9A0E8C301E28CF1C00CCE2E0 /* AppDelegate.swift */ = {isa = PBXFileReference; lastKnownFileType = sourcecode.swift; path = AppDelegate.swift; sourceTree = "<group>"; };
		9A0E8C321E28CF1C00CCE2E0 /* ViewController.swift */ = {isa = PBXFileReference; lastKnownFileType = sourcecode.swift; path = ViewController.swift; sourceTree = "<group>"; };
		9A0E8C351E28CF1D00CCE2E0 /* Base */ = {isa = PBXFileReference; lastKnownFileType = file.storyboard; name = Base; path = Base.lproj/Main.storyboard; sourceTree = "<group>"; };
		9A0E8C371E28CF1D00CCE2E0 /* Assets.xcassets */ = {isa = PBXFileReference; lastKnownFileType = folder.assetcatalog; path = Assets.xcassets; sourceTree = "<group>"; };
		9A0E8C3A1E28CF1D00CCE2E0 /* Base */ = {isa = PBXFileReference; lastKnownFileType = file.storyboard; name = Base; path = Base.lproj/LaunchScreen.storyboard; sourceTree = "<group>"; };
		9A0E8C3C1E28CF1D00CCE2E0 /* Info.plist */ = {isa = PBXFileReference; lastKnownFileType = text.plist.xml; path = Info.plist; sourceTree = "<group>"; };
/* End PBXFileReference section */

/* Begin PBXFrameworksBuildPhase section */
		9A0E8C2A1E28CF1C00CCE2E0 /* Frameworks */ = {
			isa = PBXFrameworksBuildPhase;
			buildActionMask = 2147483647;
			files = (
			);
			runOnlyForDeploymentPostprocessing = 0;
		};
/* End PBXFrameworksBuildPhase section */

/* Begin PBXGroup section */
		9A0E8C241E28CF1C00CCE2E0 = {
			isa = PBXGroup;
			children = (
				9A0E8C2F1E28CF1C00CCE2E0 /* SearchHelight */,
				9A0E8C2E1E28CF1C00CCE2E0 /* Products */,
			);
			sourceTree = "<group>";
		};
		9A0E8C2E1E28CF1C00CCE2E0 /* Products */ = {
			isa = PBXGroup;
			children = (
				9A0E8C2D1E28CF1C00CCE2E0 /* SearchHelight.app */,
			);
			name = Products;
			sourceTree = "<group>";
		};
		9A0E8C2F1E28CF1C00CCE2E0 /* SearchHelight */ = {
			isa = PBXGroup;
			children = (
				9A0E8C301E28CF1C00CCE2E0 /* AppDelegate.swift */,
				9A0E8C321E28CF1C00CCE2E0 /* ViewController.swift */,
				9A0E8C341E28CF1D00CCE2E0 /* Main.storyboard */,
				9A0E8C371E28CF1D00CCE2E0 /* Assets.xcassets */,
				9A0E8C391E28CF1D00CCE2E0 /* LaunchScreen.storyboard */,
				9A0E8C3C1E28CF1D00CCE2E0 /* Info.plist */,
			);
			path = SearchHelight;
			sourceTree = "<group>";
		};
/* End PBXGroup section */

/* Begin PBXNativeTarget section */
		9A0E8C2C1E28CF1C00CCE2E0 /* SearchHelight */ = {
			isa = PBXNativeTarget;
			buildConfigurationList = 9A0E8C3F1E28CF1D00CCE2E0 /* Build configuration list for PBXNativeTarget "SearchHelight" */;
			buildPhases = (
				9A0E8C291E28CF1C00CCE2E0 /* Sources */,
				9A0E8C2A1E28CF1C00CCE2E0 /* Frameworks */,
				9A0E8C2B1E28CF1C00CCE2E0 /* Resources */,
			);
			buildRules = (
			);
			dependencies = (
			);
			name = SearchHelight;
			productName = SearchHelight;
			productReference = 9A0E8C2D1E28CF1C00CCE2E0 /* SearchHelight.app */;
			productType = "com.apple.product-type.application";
		};
/* End PBXNativeTarget section */

/* Begin PBXProject section */
		9A0E8C251E28CF1C00CCE2E0 /* Project object */ = {
			isa = PBXProject;
			attributes = {
				LastSwiftUpdateCheck = 0820;
				LastUpgradeCheck = 0820;
				ORGANIZATIONNAME = ShaoFeng;
				TargetAttributes = {
					9A0E8C2C1E28CF1C00CCE2E0 = {
						CreatedOnToolsVersion = 8.2.1;
						ProvisioningStyle = Automatic;
					};
				};
			};
			buildConfigurationList = 9A0E8C281E28CF1C00CCE2E0 /* Build configuration list for PBXProject "SearchHelight" */;
			compatibilityVersion = "Xcode 3.2";
			developmentRegion = English;
			hasScannedForEncodings = 0;
			knownRegions = (
				en,
				Base,
			);
			mainGroup = 9A0E8C241E28CF1C00CCE2E0;
			productRefGroup = 9A0E8C2E1E28CF1C00CCE2E0 /* Products */;
			projectDirPath = "";
			projectRoot = "";
			targets = (
				9A0E8C2C1E28CF1C00CCE2E0 /* SearchHelight */,
			);
		};
/* End PBXProject section */

/* Begin PBXResourcesBuildPhase section */
		9A0E8C2B1E28CF1C00CCE2E0 /* Resources */ = {
			isa = PBXResourcesBuildPhase;
			buildActionMask = 2147483647;
			files = (
				9A0E8C3B1E28CF1D00CCE2E0 /* LaunchScreen.storyboard in Resources */,
				9A0E8C381E28CF1D00CCE2E0 /* Assets.xcassets in Resources */,
				9A0E8C361E28CF1D00CCE2E0 /* Main.storyboard in Resources */,
			);
			runOnlyForDeploymentPostprocessing = 0;
		};
/* End PBXResourcesBuildPhase section */

/* Begin PBXSourcesBuildPhase section */
		9A0E8C291E28CF1C00CCE2E0 /* Sources */ = {
			isa = PBXSourcesBuildPhase;
			buildActionMask = 2147483647;
			files = (
				9A0E8C331E28CF1C00CCE2E0 /* ViewController.swift in Sources */,
				9A0E8C311E28CF1C00CCE2E0 /* AppDelegate.swift in Sources */,
			);
			runOnlyForDeploymentPostprocessing = 0;
		};
/* End PBXSourcesBuildPhase section */

/* Begin PBXVariantGroup section */
		9A0E8C341E28CF1D00CCE2E0 /* Main.storyboard */ = {
			isa = PBXVariantGroup;
			children = (
				9A0E8C351E28CF1D00CCE2E0 /* Base */,
			);
			name = Main.storyboard;
			sourceTree = "<group>";
		};
		9A0E8C391E28CF1D00CCE2E0 /* LaunchScreen.storyboard */ = {
			isa = PBXVariantGroup;
			children = (
				9A0E8C3A1E28CF1D00CCE2E0 /* Base */,
			);
			name = LaunchScreen.storyboard;
			sourceTree = "<group>";
		};
/* End PBXVariantGroup section */

/* Begin XCBuildConfiguration section */
		9A0E8C3D1E28CF1D00CCE2E0 /* Debug */ = {
			isa = XCBuildConfiguration;
			buildSettings = {
				ALWAYS_SEARCH_USER_PATHS = NO;
				CLANG_ANALYZER_NONNULL = YES;
				CLANG_CXX_LANGUAGE_STANDARD = "gnu++0x";
				CLANG_CXX_LIBRARY = "libc++";
				CLANG_ENABLE_MODULES = YES;
				CLANG_ENABLE_OBJC_ARC = YES;
				CLANG_WARN_BOOL_CONVERSION = YES;
				CLANG_WARN_CONSTANT_CONVERSION = YES;
				CLANG_WARN_DIRECT_OBJC_ISA_USAGE = YES_ERROR;
				CLANG_WARN_DOCUMENTATION_COMMENTS = YES;
				CLANG_WARN_EMPTY_BODY = YES;
				CLANG_WARN_ENUM_CONVERSION = YES;
				CLANG_WARN_INFINITE_RECURSION = YES;
				CLANG_WARN_INT_CONVERSION = YES;
				CLANG_WARN_OBJC_ROOT_CLASS = YES_ERROR;
				CLANG_WARN_SUSPICIOUS_MOVE = YES;
				CLANG_WARN_UNREACHABLE_CODE = YES;
				CLANG_WARN__DUPLICATE_METHOD_MATCH = YES;
				"CODE_SIGN_IDENTITY[sdk=iphoneos*]" = "iPhone Developer";
				COPY_PHASE_STRIP = NO;
				DEBUG_INFORMATION_FORMAT = dwarf;
				ENABLE_STRICT_OBJC_MSGSEND = YES;
				ENABLE_TESTABILITY = YES;
				GCC_C_LANGUAGE_STANDARD = gnu99;
				GCC_DYNAMIC_NO_PIC = NO;
				GCC_NO_COMMON_BLOCKS = YES;
				GCC_OPTIMIZATION_LEVEL = 0;
				GCC_PREPROCESSOR_DEFINITIONS = (
					"DEBUG=1",
					"$(inherited)",
				);
				GCC_WARN_64_TO_32_BIT_CONVERSION = YES;
				GCC_WARN_ABOUT_RETURN_TYPE = YES_ERROR;
				GCC_WARN_UNDECLARED_SELECTOR = YES;
				GCC_WARN_UNINITIALIZED_AUTOS = YES_AGGRESSIVE;
				GCC_WARN_UNUSED_FUNCTION = YES;
				GCC_WARN_UNUSED_VARIABLE = YES;
				IPHONEOS_DEPLOYMENT_TARGET = 10.2;
				MTL_ENABLE_DEBUG_INFO = YES;
				ONLY_ACTIVE_ARCH = YES;
				SDKROOT = iphoneos;
				SWIFT_ACTIVE_COMPILATION_CONDITIONS = DEBUG;
				SWIFT_OPTIMIZATION_LEVEL = "-Onone";
			};
			name = Debug;
		};
		9A0E8C3E1E28CF1D00CCE2E0 /* Release */ = {
			isa = XCBuildConfiguration;
			buildSettings = {
				ALWAYS_SEARCH_USER_PATHS = NO;
				CLANG_ANALYZER_NONNULL = YES;
				CLANG_CXX_LANGUAGE_STANDARD = "gnu++0x";
				CLANG_CXX_LIBRARY = "libc++";
				CLANG_ENABLE_MODULES = YES;
				CLANG_ENABLE_OBJC_ARC = YES;
				CLANG_WARN_BOOL_CONVERSION = YES;
				CLANG_WARN_CONSTANT_CONVERSION = YES;
				CLANG_WARN_DIRECT_OBJC_ISA_USAGE = YES_ERROR;
				CLANG_WARN_DOCUMENTATION_COMMENTS = YES;
				CLANG_WARN_EMPTY_BODY = YES;
				CLANG_WARN_ENUM_CONVERSION = YES;
				CLANG_WARN_INFINITE_RECURSION = YES;
				CLANG_WARN_INT_CONVERSION = YES;
				CLANG_WARN_OBJC_ROOT_CLASS = YES_ERROR;
				CLANG_WARN_SUSPICIOUS_MOVE = YES;
				CLANG_WARN_UNREACHABLE_CODE = YES;
				CLANG_WARN__DUPLICATE_METHOD_MATCH = YES;
				"CODE_SIGN_IDENTITY[sdk=iphoneos*]" = "iPhone Developer";
				COPY_PHASE_STRIP = NO;
				DEBUG_INFORMATION_FORMAT = "dwarf-with-dsym";
				ENABLE_NS_ASSERTIONS = NO;
				ENABLE_STRICT_OBJC_MSGSEND = YES;
				GCC_C_LANGUAGE_STANDARD = gnu99;
				GCC_NO_COMMON_BLOCKS = YES;
				GCC_WARN_64_TO_32_BIT_CONVERSION = YES;
				GCC_WARN_ABOUT_RETURN_TYPE = YES_ERROR;
				GCC_WARN_UNDECLARED_SELECTOR = YES;
				GCC_WARN_UNINITIALIZED_AUTOS = YES_AGGRESSIVE;
				GCC_WARN_UNUSED_FUNCTION = YES;
				GCC_WARN_UNUSED_VARIABLE = YES;
				IPHONEOS_DEPLOYMENT_TARGET = 10.2;
				MTL_ENABLE_DEBUG_INFO = NO;
				SDKROOT = iphoneos;
				SWIFT_OPTIMIZATION_LEVEL = "-Owholemodule";
				VALIDATE_PRODUCT = YES;
			};
			name = Release;
		};
		9A0E8C401E28CF1D00CCE2E0 /* Debug */ = {
			isa = XCBuildConfiguration;
			buildSettings = {
				ASSETCATALOG_COMPILER_APPICON_NAME = AppIcon;
				INFOPLIST_FILE = SearchHelight/Info.plist;
				LD_RUNPATH_SEARCH_PATHS = "$(inherited) @executable_path/Frameworks";
				PRODUCT_BUNDLE_IDENTIFIER = cocav.SearchHelight;
				PRODUCT_NAME = "$(TARGET_NAME)";
				SWIFT_VERSION = 3.0;
			};
			name = Debug;
		};
		9A0E8C411E28CF1D00CCE2E0 /* Release */ = {
			isa = XCBuildConfiguration;
			buildSettings = {
				ASSETCATALOG_COMPILER_APPICON_NAME = AppIcon;
				INFOPLIST_FILE = SearchHelight/Info.plist;
				LD_RUNPATH_SEARCH_PATHS = "$(inherited) @executable_path/Frameworks";
				PRODUCT_BUNDLE_IDENTIFIER = cocav.SearchHelight;
				PRODUCT_NAME = "$(TARGET_NAME)";
				SWIFT_VERSION = 3.0;
			};
			name = Release;
		};
/* End XCBuildConfiguration section */

/* Begin XCConfigurationList section */
		9A0E8C281E28CF1C00CCE2E0 /* Build configuration list for PBXProject "SearchHelight" */ = {
			isa = XCConfigurationList;
			buildConfigurations = (
				9A0E8C3D1E28CF1D00CCE2E0 /* Debug */,
				9A0E8C3E1E28CF1D00CCE2E0 /* Release */,
			);
			defaultConfigurationIsVisible = 0;
			defaultConfigurationName = Release;
		};
		9A0E8C3F1E28CF1D00CCE2E0 /* Build configuration list for PBXNativeTarget "SearchHelight" */ = {
			isa = XCConfigurationList;
			buildConfigurations = (
				9A0E8C401E28CF1D00CCE2E0 /* Debug */,
				9A0E8C411E28CF1D00CCE2E0 /* Release */,
			);
			defaultConfigurationIsVisible = 0;
		};
/* End XCConfigurationList section */
	};
	rootObject = 9A0E8C251E28CF1C00CCE2E0 /* Project object */;
}
