// !$*UTF8*$!
{
	archiveVersion = 1;
	classes = {
	};
	objectVersion = 46;
	objects = {

/* Begin PBXBuildFile section */
		8106B0155720AEDB00E0E39A /* Pods_ScreenRotation.framework in Frameworks */ = {isa = PBXBuildFile; fileRef = 4DF3A98292A2769DDD7E3AA8 /* Pods_ScreenRotation.framework */; };
		DE4C79751E74DF1400D9B41D /* AppDelegate.swift in Sources */ = {isa = PBXBuildFile; fileRef = DE4C79741E74DF1400D9B41D /* AppDelegate.swift */; };
		DE4C79771E74DF1400D9B41D /* ViewController.swift in Sources */ = {isa = PBXBuildFile; fileRef = DE4C79761E74DF1400D9B41D /* ViewController.swift */; };
		DE4C797A1E74DF1400D9B41D /* Main.storyboard in Resources */ = {isa = PBXBuildFile; fileRef = DE4C79781E74DF1400D9B41D /* Main.storyboard */; };
		DE4C797C1E74DF1400D9B41D /* Assets.xcassets in Resources */ = {isa = PBXBuildFile; fileRef = DE4C797B1E74DF1400D9B41D /* Assets.xcassets */; };
		DE4C797F1E74DF1400D9B41D /* LaunchScreen.storyboard in Resources */ = {isa = PBXBuildFile; fileRef = DE4C797D1E74DF1400D9B41D /* LaunchScreen.storyboard */; };
/* End PBXBuildFile section */

/* Begin PBXFileReference section */
		4DF3A98292A2769DDD7E3AA8 /* Pods_ScreenRotation.framework */ = {isa = PBXFileReference; explicitFileType = wrapper.framework; includeInIndex = 0; path = Pods_ScreenRotation.framework; sourceTree = BUILT_PRODUCTS_DIR; };
		6D6FDBD9D29C085E27A7AD43 /* Pods-ScreenRotation.release.xcconfig */ = {isa = PBXFileReference; includeInIndex = 1; lastKnownFileType = text.xcconfig; name = "Pods-ScreenRotation.release.xcconfig"; path = "Pods/Target Support Files/Pods-ScreenRotation/Pods-ScreenRotation.release.xcconfig"; sourceTree = "<group>"; };
		DE4C79711E74DF1400D9B41D /* ScreenRotation.app */ = {isa = PBXFileReference; explicitFileType = wrapper.application; includeInIndex = 0; path = ScreenRotation.app; sourceTree = BUILT_PRODUCTS_DIR; };
		DE4C79741E74DF1400D9B41D /* AppDelegate.swift */ = {isa = PBXFileReference; lastKnownFileType = sourcecode.swift; path = AppDelegate.swift; sourceTree = "<group>"; };
		DE4C79761E74DF1400D9B41D /* ViewController.swift */ = {isa = PBXFileReference; lastKnownFileType = sourcecode.swift; path = ViewController.swift; sourceTree = "<group>"; };
		DE4C79791E74DF1400D9B41D /* Base */ = {isa = PBXFileReference; lastKnownFileType = file.storyboard; name = Base; path = Base.lproj/Main.storyboard; sourceTree = "<group>"; };
		DE4C797B1E74DF1400D9B41D /* Assets.xcassets */ = {isa = PBXFileReference; lastKnownFileType = folder.assetcatalog; path = Assets.xcassets; sourceTree = "<group>"; };
		DE4C797E1E74DF1400D9B41D /* Base */ = {isa = PBXFileReference; lastKnownFileType = file.storyboard; name = Base; path = Base.lproj/LaunchScreen.storyboard; sourceTree = "<group>"; };
		DE4C79801E74DF1400D9B41D /* Info.plist */ = {isa = PBXFileReference; lastKnownFileType = text.plist.xml; path = Info.plist; sourceTree = "<group>"; };
		E32658E5697D42A5D561F93D /* Pods-ScreenRotation.debug.xcconfig */ = {isa = PBXFileReference; includeInIndex = 1; lastKnownFileType = text.xcconfig; name = "Pods-ScreenRotation.debug.xcconfig"; path = "Pods/Target Support Files/Pods-ScreenRotation/Pods-ScreenRotation.debug.xcconfig"; sourceTree = "<group>"; };
/* End PBXFileReference section */

/* Begin PBXFrameworksBuildPhase section */
		DE4C796E1E74DF1400D9B41D /* Frameworks */ = {
			isa = PBXFrameworksBuildPhase;
			buildActionMask = 2147483647;
			files = (
				8106B0155720AEDB00E0E39A /* Pods_ScreenRotation.framework in Frameworks */,
			);
			runOnlyForDeploymentPostprocessing = 0;
		};
/* End PBXFrameworksBuildPhase section */

/* Begin PBXGroup section */
		35757DAB1440C974438D9448 /* Pods */ = {
			isa = PBXGroup;
			children = (
				E32658E5697D42A5D561F93D /* Pods-ScreenRotation.debug.xcconfig */,
				6D6FDBD9D29C085E27A7AD43 /* Pods-ScreenRotation.release.xcconfig */,
			);
			name = Pods;
			sourceTree = "<group>";
		};
		935FE0991708A78296964025 /* Frameworks */ = {
			isa = PBXGroup;
			children = (
				4DF3A98292A2769DDD7E3AA8 /* Pods_ScreenRotation.framework */,
			);
			name = Frameworks;
			sourceTree = "<group>";
		};
		DE4C79681E74DF1400D9B41D = {
			isa = PBXGroup;
			children = (
				DE4C79731E74DF1400D9B41D /* ScreenRotation */,
				DE4C79721E74DF1400D9B41D /* Products */,
				35757DAB1440C974438D9448 /* Pods */,
				935FE0991708A78296964025 /* Frameworks */,
			);
			sourceTree = "<group>";
		};
		DE4C79721E74DF1400D9B41D /* Products */ = {
			isa = PBXGroup;
			children = (
				DE4C79711E74DF1400D9B41D /* ScreenRotation.app */,
			);
			name = Products;
			sourceTree = "<group>";
		};
		DE4C79731E74DF1400D9B41D /* ScreenRotation */ = {
			isa = PBXGroup;
			children = (
				DE4C79741E74DF1400D9B41D /* AppDelegate.swift */,
				DE4C79761E74DF1400D9B41D /* ViewController.swift */,
				DE4C79781E74DF1400D9B41D /* Main.storyboard */,
				DE4C797B1E74DF1400D9B41D /* Assets.xcassets */,
				DE4C797D1E74DF1400D9B41D /* LaunchScreen.storyboard */,
				DE4C79801E74DF1400D9B41D /* Info.plist */,
			);
			path = ScreenRotation;
			sourceTree = "<group>";
		};
/* End PBXGroup section */

/* Begin PBXNativeTarget section */
		DE4C79701E74DF1400D9B41D /* ScreenRotation */ = {
			isa = PBXNativeTarget;
			buildConfigurationList = DE4C79831E74DF1400D9B41D /* Build configuration list for PBXNativeTarget "ScreenRotation" */;
			buildPhases = (
				F282DC707079E553BC85AB2C /* [CP] Check Pods Manifest.lock */,
				DE4C796D1E74DF1400D9B41D /* Sources */,
				DE4C796E1E74DF1400D9B41D /* Frameworks */,
				DE4C796F1E74DF1400D9B41D /* Resources */,
				372E8D064C73726636C8AD10 /* [CP] Embed Pods Frameworks */,
				6ED655EB5D48E5BEA2B3FA68 /* [CP] Copy Pods Resources */,
			);
			buildRules = (
			);
			dependencies = (
			);
			name = ScreenRotation;
			productName = ScreenRotation;
			productReference = DE4C79711E74DF1400D9B41D /* ScreenRotation.app */;
			productType = "com.apple.product-type.application";
		};
/* End PBXNativeTarget section */

/* Begin PBXProject section */
		DE4C79691E74DF1400D9B41D /* Project object */ = {
			isa = PBXProject;
			attributes = {
				LastSwiftUpdateCheck = 0820;
				LastUpgradeCheck = 0920;
				ORGANIZATIONNAME = ShaoFeng;
				TargetAttributes = {
					DE4C79701E74DF1400D9B41D = {
						CreatedOnToolsVersion = 8.2.1;
						DevelopmentTeam = K87ZBLG34Q;
						LastSwiftMigration = 0920;
						ProvisioningStyle = Automatic;
					};
				};
			};
			buildConfigurationList = DE4C796C1E74DF1400D9B41D /* Build configuration list for PBXProject "ScreenRotation" */;
			compatibilityVersion = "Xcode 3.2";
			developmentRegion = English;
			hasScannedForEncodings = 0;
			knownRegions = (
				en,
				Base,
			);
			mainGroup = DE4C79681E74DF1400D9B41D;
			productRefGroup = DE4C79721E74DF1400D9B41D /* Products */;
			projectDirPath = "";
			projectRoot = "";
			targets = (
				DE4C79701E74DF1400D9B41D /* ScreenRotation */,
			);
		};
/* End PBXProject section */

/* Begin PBXResourcesBuildPhase section */
		DE4C796F1E74DF1400D9B41D /* Resources */ = {
			isa = PBXResourcesBuildPhase;
			buildActionMask = 2147483647;
			files = (
				DE4C797F1E74DF1400D9B41D /* LaunchScreen.storyboard in Resources */,
				DE4C797C1E74DF1400D9B41D /* Assets.xcassets in Resources */,
				DE4C797A1E74DF1400D9B41D /* Main.storyboard in Resources */,
			);
			runOnlyForDeploymentPostprocessing = 0;
		};
/* End PBXResourcesBuildPhase section */

/* Begin PBXShellScriptBuildPhase section */
		372E8D064C73726636C8AD10 /* [CP] Embed Pods Frameworks */ = {
			isa = PBXShellScriptBuildPhase;
			buildActionMask = 2147483647;
			files = (
			);
			inputPaths = (
			);
			name = "[CP] Embed Pods Frameworks";
			outputPaths = (
			);
			runOnlyForDeploymentPostprocessing = 0;
			shellPath = /bin/sh;
			shellScript = "\"${SRCROOT}/Pods/Target Support Files/Pods-ScreenRotation/Pods-ScreenRotation-frameworks.sh\"\n";
			showEnvVarsInLog = 0;
		};
		6ED655EB5D48E5BEA2B3FA68 /* [CP] Copy Pods Resources */ = {
			isa = PBXShellScriptBuildPhase;
			buildActionMask = 2147483647;
			files = (
			);
			inputPaths = (
			);
			name = "[CP] Copy Pods Resources";
			outputPaths = (
			);
			runOnlyForDeploymentPostprocessing = 0;
			shellPath = /bin/sh;
			shellScript = "\"${SRCROOT}/Pods/Target Support Files/Pods-ScreenRotation/Pods-ScreenRotation-resources.sh\"\n";
			showEnvVarsInLog = 0;
		};
		F282DC707079E553BC85AB2C /* [CP] Check Pods Manifest.lock */ = {
			isa = PBXShellScriptBuildPhase;
			buildActionMask = 2147483647;
			files = (
			);
			inputPaths = (
			);
			name = "[CP] Check Pods Manifest.lock";
			outputPaths = (
			);
			runOnlyForDeploymentPostprocessing = 0;
			shellPath = /bin/sh;
			shellScript = "diff \"${PODS_ROOT}/../Podfile.lock\" \"${PODS_ROOT}/Manifest.lock\" > /dev/null\nif [ $? != 0 ] ; then\n    # print error to STDERR\n    echo \"error: The sandbox is not in sync with the Podfile.lock. Run 'pod install' or update your CocoaPods installation.\" >&2\n    exit 1\nfi\n";
			showEnvVarsInLog = 0;
		};
/* End PBXShellScriptBuildPhase section */

/* Begin PBXSourcesBuildPhase section */
		DE4C796D1E74DF1400D9B41D /* Sources */ = {
			isa = PBXSourcesBuildPhase;
			buildActionMask = 2147483647;
			files = (
				DE4C79771E74DF1400D9B41D /* ViewController.swift in Sources */,
				DE4C79751E74DF1400D9B41D /* AppDelegate.swift in Sources */,
			);
			runOnlyForDeploymentPostprocessing = 0;
		};
/* End PBXSourcesBuildPhase section */

/* Begin PBXVariantGroup section */
		DE4C79781E74DF1400D9B41D /* Main.storyboard */ = {
			isa = PBXVariantGroup;
			children = (
				DE4C79791E74DF1400D9B41D /* Base */,
			);
			name = Main.storyboard;
			sourceTree = "<group>";
		};
		DE4C797D1E74DF1400D9B41D /* LaunchScreen.storyboard */ = {
			isa = PBXVariantGroup;
			children = (
				DE4C797E1E74DF1400D9B41D /* Base */,
			);
			name = LaunchScreen.storyboard;
			sourceTree = "<group>";
		};
/* End PBXVariantGroup section */

/* Begin XCBuildConfiguration section */
		DE4C79811E74DF1400D9B41D /* Debug */ = {
			isa = XCBuildConfiguration;
			buildSettings = {
				ALWAYS_SEARCH_USER_PATHS = NO;
				CLANG_ANALYZER_NONNULL = YES;
				CLANG_CXX_LANGUAGE_STANDARD = "gnu++0x";
				CLANG_CXX_LIBRARY = "libc++";
				CLANG_ENABLE_MODULES = YES;
				CLANG_ENABLE_OBJC_ARC = YES;
				CLANG_WARN_BLOCK_CAPTURE_AUTORELEASING = YES;
				CLANG_WARN_BOOL_CONVERSION = YES;
				CLANG_WARN_COMMA = YES;
				CLANG_WARN_CONSTANT_CONVERSION = YES;
				CLANG_WARN_DIRECT_OBJC_ISA_USAGE = YES_ERROR;
				CLANG_WARN_DOCUMENTATION_COMMENTS = YES;
				CLANG_WARN_EMPTY_BODY = YES;
				CLANG_WARN_ENUM_CONVERSION = YES;
				CLANG_WARN_INFINITE_RECURSION = YES;
				CLANG_WARN_INT_CONVERSION = YES;
				CLANG_WARN_NON_LITERAL_NULL_CONVERSION = YES;
				CLANG_WARN_OBJC_LITERAL_CONVERSION = YES;
				CLANG_WARN_OBJC_ROOT_CLASS = YES_ERROR;
				CLANG_WARN_RANGE_LOOP_ANALYSIS = YES;
				CLANG_WARN_STRICT_PROTOTYPES = YES;
				CLANG_WARN_SUSPICIOUS_MOVE = YES;
				CLANG_WARN_UNREACHABLE_CODE = YES;
				CLANG_WARN__DUPLICATE_METHOD_MATCH = YES;
				"CODE_SIGN_IDENTITY[sdk=iphoneos*]" = "iPhone Developer";
				COPY_PHASE_STRIP = NO;
				DEBUG_INFORMATION_FORMAT = dwarf;
				ENABLE_STRICT_OBJC_MSGSEND = YES;
				ENABLE_TESTABILITY = YES;
				GCC_C_LANGUAGE_STANDARD = gnu99;
				GCC_DYNAMIC_NO_PIC = NO;
				GCC_NO_COMMON_BLOCKS = YES;
				GCC_OPTIMIZATION_LEVEL = 0;
				GCC_PREPROCESSOR_DEFINITIONS = (
					"DEBUG=1",
					"$(inherited)",
				);
				GCC_WARN_64_TO_32_BIT_CONVERSION = YES;
				GCC_WARN_ABOUT_RETURN_TYPE = YES_ERROR;
				GCC_WARN_UNDECLARED_SELECTOR = YES;
				GCC_WARN_UNINITIALIZED_AUTOS = YES_AGGRESSIVE;
				GCC_WARN_UNUSED_FUNCTION = YES;
				GCC_WARN_UNUSED_VARIABLE = YES;
				IPHONEOS_DEPLOYMENT_TARGET = 10.2;
				MTL_ENABLE_DEBUG_INFO = YES;
				ONLY_ACTIVE_ARCH = YES;
				SDKROOT = iphoneos;
				SWIFT_ACTIVE_COMPILATION_CONDITIONS = DEBUG;
				SWIFT_OPTIMIZATION_LEVEL = "-Onone";
			};
			name = Debug;
		};
		DE4C79821E74DF1400D9B41D /* Release */ = {
			isa = XCBuildConfiguration;
			buildSettings = {
				ALWAYS_SEARCH_USER_PATHS = NO;
				CLANG_ANALYZER_NONNULL = YES;
				CLANG_CXX_LANGUAGE_STANDARD = "gnu++0x";
				CLANG_CXX_LIBRARY = "libc++";
				CLANG_ENABLE_MODULES = YES;
				CLANG_ENABLE_OBJC_ARC = YES;
				CLANG_WARN_BLOCK_CAPTURE_AUTORELEASING = YES;
				CLANG_WARN_BOOL_CONVERSION = YES;
				CLANG_WARN_COMMA = YES;
				CLANG_WARN_CONSTANT_CONVERSION = YES;
				CLANG_WARN_DIRECT_OBJC_ISA_USAGE = YES_ERROR;
				CLANG_WARN_DOCUMENTATION_COMMENTS = YES;
				CLANG_WARN_EMPTY_BODY = YES;
				CLANG_WARN_ENUM_CONVERSION = YES;
				CLANG_WARN_INFINITE_RECURSION = YES;
				CLANG_WARN_INT_CONVERSION = YES;
				CLANG_WARN_NON_LITERAL_NULL_CONVERSION = YES;
				CLANG_WARN_OBJC_LITERAL_CONVERSION = YES;
				CLANG_WARN_OBJC_ROOT_CLASS = YES_ERROR;
				CLANG_WARN_RANGE_LOOP_ANALYSIS = YES;
				CLANG_WARN_STRICT_PROTOTYPES = YES;
				CLANG_WARN_SUSPICIOUS_MOVE = YES;
				CLANG_WARN_UNREACHABLE_CODE = YES;
				CLANG_WARN__DUPLICATE_METHOD_MATCH = YES;
				"CODE_SIGN_IDENTITY[sdk=iphoneos*]" = "iPhone Developer";
				COPY_PHASE_STRIP = NO;
				DEBUG_INFORMATION_FORMAT = "dwarf-with-dsym";
				ENABLE_NS_ASSERTIONS = NO;
				ENABLE_STRICT_OBJC_MSGSEND = YES;
				GCC_C_LANGUAGE_STANDARD = gnu99;
				GCC_NO_COMMON_BLOCKS = YES;
				GCC_WARN_64_TO_32_BIT_CONVERSION = YES;
				GCC_WARN_ABOUT_RETURN_TYPE = YES_ERROR;
				GCC_WARN_UNDECLARED_SELECTOR = YES;
				GCC_WARN_UNINITIALIZED_AUTOS = YES_AGGRESSIVE;
				GCC_WARN_UNUSED_FUNCTION = YES;
				GCC_WARN_UNUSED_VARIABLE = YES;
				IPHONEOS_DEPLOYMENT_TARGET = 10.2;
				MTL_ENABLE_DEBUG_INFO = NO;
				SDKROOT = iphoneos;
				SWIFT_OPTIMIZATION_LEVEL = "-Owholemodule";
				VALIDATE_PRODUCT = YES;
			};
			name = Release;
		};
		DE4C79841E74DF1400D9B41D /* Debug */ = {
			isa = XCBuildConfiguration;
			baseConfigurationReference = E32658E5697D42A5D561F93D /* Pods-ScreenRotation.debug.xcconfig */;
			buildSettings = {
				ALWAYS_EMBED_SWIFT_STANDARD_LIBRARIES = YES;
				ASSETCATALOG_COMPILER_APPICON_NAME = AppIcon;
				DEVELOPMENT_TEAM = K87ZBLG34Q;
				INFOPLIST_FILE = ScreenRotation/Info.plist;
				IPHONEOS_DEPLOYMENT_TARGET = 8.1;
				LD_RUNPATH_SEARCH_PATHS = "$(inherited) @executable_path/Frameworks";
				PRODUCT_BUNDLE_IDENTIFIER = com.FengShao.ScreenRotation;
				PRODUCT_NAME = "$(TARGET_NAME)";
				SWIFT_SWIFT3_OBJC_INFERENCE = Default;
				SWIFT_VERSION = 4.0;
			};
			name = Debug;
		};
		DE4C79851E74DF1400D9B41D /* Release */ = {
			isa = XCBuildConfiguration;
			baseConfigurationReference = 6D6FDBD9D29C085E27A7AD43 /* Pods-ScreenRotation.release.xcconfig */;
			buildSettings = {
				ALWAYS_EMBED_SWIFT_STANDARD_LIBRARIES = YES;
				ASSETCATALOG_COMPILER_APPICON_NAME = AppIcon;
				DEVELOPMENT_TEAM = K87ZBLG34Q;
				INFOPLIST_FILE = ScreenRotation/Info.plist;
				IPHONEOS_DEPLOYMENT_TARGET = 8.1;
				LD_RUNPATH_SEARCH_PATHS = "$(inherited) @executable_path/Frameworks";
				PRODUCT_BUNDLE_IDENTIFIER = com.FengShao.ScreenRotation;
				PRODUCT_NAME = "$(TARGET_NAME)";
				SWIFT_SWIFT3_OBJC_INFERENCE = Default;
				SWIFT_VERSION = 4.0;
			};
			name = Release;
		};
/* End XCBuildConfiguration section */

/* Begin XCConfigurationList section */
		DE4C796C1E74DF1400D9B41D /* Build configuration list for PBXProject "ScreenRotation" */ = {
			isa = XCConfigurationList;
			buildConfigurations = (
				DE4C79811E74DF1400D9B41D /* Debug */,
				DE4C79821E74DF1400D9B41D /* Release */,
			);
			defaultConfigurationIsVisible = 0;
			defaultConfigurationName = Release;
		};
		DE4C79831E74DF1400D9B41D /* Build configuration list for PBXNativeTarget "ScreenRotation" */ = {
			isa = XCConfigurationList;
			buildConfigurations = (
				DE4C79841E74DF1400D9B41D /* Debug */,
				DE4C79851E74DF1400D9B41D /* Release */,
			);
			defaultConfigurationIsVisible = 0;
			defaultConfigurationName = Release;
		};
/* End XCConfigurationList section */
	};
	rootObject = DE4C79691E74DF1400D9B41D /* Project object */;
}
